// !$*UTF8*$!
{
	archiveVersion = 1;
	classes = {
	};
	objectVersion = 48;
	objects = {

/* Begin PBXBuildFile section */
		B00D960C2030753600EF0B7A /* TinyKit.h in Headers */ = {isa = PBXBuildFile; fileRef = B00D960A2030753600EF0B7A /* TinyKit.h */; settings = {ATTRIBUTES = (Public, ); }; };
		B00D963B2030758A00EF0B7A /* Component.swift in Sources */ = {isa = PBXBuildFile; fileRef = B00D96252030758A00EF0B7A /* Component.swift */; };
		B00D963D2030758A00EF0B7A /* ComponentContentMode.swift in Sources */ = {isa = PBXBuildFile; fileRef = B00D96272030758A00EF0B7A /* ComponentContentMode.swift */; };
		B00D96412030758A00EF0B7A /* UICollectionView+Cell.swift in Sources */ = {isa = PBXBuildFile; fileRef = B00D962D2030758A00EF0B7A /* UICollectionView+Cell.swift */; };
		B00D96422030758A00EF0B7A /* UIView+UINib.swift in Sources */ = {isa = PBXBuildFile; fileRef = B00D962F2030758A00EF0B7A /* UIView+UINib.swift */; };
		B00D96432030758A00EF0B7A /* View.swift in Sources */ = {isa = PBXBuildFile; fileRef = B00D96312030758A00EF0B7A /* View.swift */; };
		B00D96442030758A00EF0B7A /* ViewRenderable.swift in Sources */ = {isa = PBXBuildFile; fileRef = B00D96322030758A00EF0B7A /* ViewRenderable.swift */; };
		B00D96452030758A00EF0B7A /* ViewRenderer.swift in Sources */ = {isa = PBXBuildFile; fileRef = B00D96332030758A00EF0B7A /* ViewRenderer.swift */; };
		B00D96462030758A00EF0B7A /* UITableView+Cell.swift in Sources */ = {isa = PBXBuildFile; fileRef = B00D96352030758A00EF0B7A /* UITableView+Cell.swift */; };
		B00D96512030764E00EF0B7A /* TinyKit.framework in Frameworks */ = {isa = PBXBuildFile; fileRef = B00D96072030753600EF0B7A /* TinyKit.framework */; };
		B00D9670203076C500EF0B7A /* UITableViewExtensionsTests.swift in Sources */ = {isa = PBXBuildFile; fileRef = B00D965B203076C500EF0B7A /* UITableViewExtensionsTests.swift */; };
		B00D9671203076C500EF0B7A /* NibTableViewCell.xib in Resources */ = {isa = PBXBuildFile; fileRef = B00D965C203076C500EF0B7A /* NibTableViewCell.xib */; };
		B00D9672203076C500EF0B7A /* NibTableViewCell.swift in Sources */ = {isa = PBXBuildFile; fileRef = B00D965D203076C500EF0B7A /* NibTableViewCell.swift */; };
		B00D9673203076C500EF0B7A /* NoNibTableViewCell.swift in Sources */ = {isa = PBXBuildFile; fileRef = B00D965E203076C500EF0B7A /* NoNibTableViewCell.swift */; };
		B00D9674203076C500EF0B7A /* UICollectionViewExtensionsTests.swift in Sources */ = {isa = PBXBuildFile; fileRef = B00D9660203076C500EF0B7A /* UICollectionViewExtensionsTests.swift */; };
		B00D9675203076C500EF0B7A /* NibCollectionViewCell.xib in Resources */ = {isa = PBXBuildFile; fileRef = B00D9661203076C500EF0B7A /* NibCollectionViewCell.xib */; };
		B00D9676203076C500EF0B7A /* NoNibCollectionViewCell.swift in Sources */ = {isa = PBXBuildFile; fileRef = B00D9662203076C500EF0B7A /* NoNibCollectionViewCell.swift */; };
		B00D9677203076C500EF0B7A /* NibCollectionViewCell.swift in Sources */ = {isa = PBXBuildFile; fileRef = B00D9663203076C500EF0B7A /* NibCollectionViewCell.swift */; };
		B00D9679203076C500EF0B7A /* UIViewExtensionsTests.swift in Sources */ = {isa = PBXBuildFile; fileRef = B00D9667203076C500EF0B7A /* UIViewExtensionsTests.swift */; };
		B00D967E203076C500EF0B7A /* UIListComponentTests.swift in Sources */ = {isa = PBXBuildFile; fileRef = B00D966D203076C500EF0B7A /* UIListComponentTests.swift */; };
		B01DB551207F2F1300E511FE /* Stylable.swift in Sources */ = {isa = PBXBuildFile; fileRef = B01DB549207F2EB300E511FE /* Stylable.swift */; };
		B01DB552207F2F1300E511FE /* Theme.swift in Sources */ = {isa = PBXBuildFile; fileRef = B01DB54B207F2EB400E511FE /* Theme.swift */; };
		B01DB553207F2F1300E511FE /* Theme+AzureSky.swift in Sources */ = {isa = PBXBuildFile; fileRef = B01DB54A207F2EB300E511FE /* Theme+AzureSky.swift */; };
		B01DB554207F2F1300E511FE /* Theme+Debug.swift in Sources */ = {isa = PBXBuildFile; fileRef = B01DB54C207F2EB400E511FE /* Theme+Debug.swift */; };
		B01ED1FE203BFD580074CD5E /* Coordinator.swift in Sources */ = {isa = PBXBuildFile; fileRef = B01ED1FD203BFD580074CD5E /* Coordinator.swift */; };
		B01ED200203BFE620074CD5E /* UIViewRendererController.swift in Sources */ = {isa = PBXBuildFile; fileRef = B01ED1FF203BFE620074CD5E /* UIViewRendererController.swift */; };
		B01EF9F2205D2C9800CF9C17 /* UICollapseView.swift in Sources */ = {isa = PBXBuildFile; fileRef = B01EF9EF205D2C9800CF9C17 /* UICollapseView.swift */; };
		B01EF9F3205D2C9800CF9C17 /* UICollapseView.xib in Resources */ = {isa = PBXBuildFile; fileRef = B01EF9F0205D2C9800CF9C17 /* UICollapseView.xib */; };
		B01EF9F4205D2C9800CF9C17 /* UICollapseBarController.swift in Sources */ = {isa = PBXBuildFile; fileRef = B01EF9F1205D2C9800CF9C17 /* UICollapseBarController.swift */; };
		B01EF9FA205D2CD000CF9C17 /* Inputable.swift in Sources */ = {isa = PBXBuildFile; fileRef = B01EF9F6205D2CCF00CF9C17 /* Inputable.swift */; };
		B01EF9FC205D2CD000CF9C17 /* Validator.swift in Sources */ = {isa = PBXBuildFile; fileRef = B01EF9F8205D2CD000CF9C17 /* Validator.swift */; };
		B01EFA16205D2DD500CF9C17 /* UITextFieldBridge.swift in Sources */ = {isa = PBXBuildFile; fileRef = B01EFA15205D2DD500CF9C17 /* UITextFieldBridge.swift */; };
		B022E268205E9E7E00DD9170 /* UITableViewBridge.swift in Sources */ = {isa = PBXBuildFile; fileRef = B022E267205E9E7E00DD9170 /* UITableViewBridge.swift */; };
		B022E26C205FA36100DD9170 /* Bool+Toggle.swift in Sources */ = {isa = PBXBuildFile; fileRef = B022E26B205FA36100DD9170 /* Bool+Toggle.swift */; };
		B0354DC22031617C002A4B71 /* UIView+ViewRender.swift in Sources */ = {isa = PBXBuildFile; fileRef = B0354DC12031617B002A4B71 /* UIView+ViewRender.swift */; };
		B037F303205DF59600CF5F75 /* UICollectionViewBridge.swift in Sources */ = {isa = PBXBuildFile; fileRef = B037F302205DF59600CF5F75 /* UICollectionViewBridge.swift */; };
		B03A4C15208337CE005098D3 /* UICarouselLayout.swift in Sources */ = {isa = PBXBuildFile; fileRef = B03A4C14208337CE005098D3 /* UICarouselLayout.swift */; };
		B03A4C17208363BE005098D3 /* TCItemComponent.swift in Sources */ = {isa = PBXBuildFile; fileRef = B03A4C16208363BE005098D3 /* TCItemComponent.swift */; };
		B03C3E4820456E2D004E318B /* ViewControllerRepresentable.swift in Sources */ = {isa = PBXBuildFile; fileRef = B03C3E4620456E2D004E318B /* ViewControllerRepresentable.swift */; };
		B03C3E4920456E2D004E318B /* ViewController.swift in Sources */ = {isa = PBXBuildFile; fileRef = B03C3E4720456E2D004E318B /* ViewController.swift */; };
		B04707E3207A025F00331D26 /* ImageContainer.swift in Sources */ = {isa = PBXBuildFile; fileRef = B04707E1207A025F00331D26 /* ImageContainer.swift */; };
		B04707E4207A025F00331D26 /* ImageProvider.swift in Sources */ = {isa = PBXBuildFile; fileRef = B04707E2207A025F00331D26 /* ImageProvider.swift */; };
		B04707E7207A58BE00331D26 /* UIBoxComponent.swift in Sources */ = {isa = PBXBuildFile; fileRef = B04707E6207A58BE00331D26 /* UIBoxComponent.swift */; };
		B04707E9207C6C1300331D26 /* UIGridComponent.swift in Sources */ = {isa = PBXBuildFile; fileRef = B04707E8207C6C1300331D26 /* UIGridComponent.swift */; };
		B04707EB207C820200331D26 /* UIGridLayout.swift in Sources */ = {isa = PBXBuildFile; fileRef = B04707EA207C820200331D26 /* UIGridLayout.swift */; };
		B04707ED207C844700331D26 /* UICollectionView+SafeAreaRect.swift in Sources */ = {isa = PBXBuildFile; fileRef = B04707EC207C844700331D26 /* UICollectionView+SafeAreaRect.swift */; };
		B04707F9207F073F00331D26 /* UIGalleryComponent.swift in Sources */ = {isa = PBXBuildFile; fileRef = B04707F8207F073F00331D26 /* UIGalleryComponent.swift */; };
		B04EBD79204AB8D300C9235F /* UICarouselComponent.swift in Sources */ = {isa = PBXBuildFile; fileRef = B04EBD78204AB8D300C9235F /* UICarouselComponent.swift */; };
		B0542DDD20648E340078B3CE /* ListComponent.swift in Sources */ = {isa = PBXBuildFile; fileRef = B0542DDC20648E340078B3CE /* ListComponent.swift */; };
		B0542DDF2064B56E0078B3CE /* UIListComponent.swift in Sources */ = {isa = PBXBuildFile; fileRef = B0542DDE2064B56E0078B3CE /* UIListComponent.swift */; };
		B05E67622036D5B6003E8E0E /* UIItemComponentTests.swift in Sources */ = {isa = PBXBuildFile; fileRef = B05E67602036D5B2003E8E0E /* UIItemComponentTests.swift */; };
		B05E67672036EDE5003E8E0E /* UIItemComponent.swift in Sources */ = {isa = PBXBuildFile; fileRef = B05E67662036EDE5003E8E0E /* UIItemComponent.swift */; };
		B0876E1920623B2F005EDA9A /* Array+Join.swift in Sources */ = {isa = PBXBuildFile; fileRef = B0876E1820623B2F005EDA9A /* Array+Join.swift */; };
		B0876EBD2035B8300003CC59 /* UIComponentViewController.swift in Sources */ = {isa = PBXBuildFile; fileRef = B0876EBC2035B8300003CC59 /* UIComponentViewController.swift */; };
		B0B4741E208700C8000A49E6 /* Hydra.framework in Frameworks */ = {isa = PBXBuildFile; fileRef = B0B4741C208700C8000A49E6 /* Hydra.framework */; };
		B0B4741F208700C8000A49E6 /* TinyCore.framework in Frameworks */ = {isa = PBXBuildFile; fileRef = B0B4741D208700C8000A49E6 /* TinyCore.framework */; };
		B0B4742120870132000A49E6 /* UICollectionComponent.swift in Sources */ = {isa = PBXBuildFile; fileRef = B0B4742020870132000A49E6 /* UICollectionComponent.swift */; };
		B0B474242087015D000A49E6 /* UICollectionComponentTests.swift in Sources */ = {isa = PBXBuildFile; fileRef = B0B4742220870152000A49E6 /* UICollectionComponentTests.swift */; };
		B0C357A72064F39D0017E1F0 /* CollectionComponent.swift in Sources */ = {isa = PBXBuildFile; fileRef = B0C357A52064EF090017E1F0 /* CollectionComponent.swift */; };
		B0D46961207F195A0047AE8F /* ButtonComponent.swift in Sources */ = {isa = PBXBuildFile; fileRef = B0D46960207F195A0047AE8F /* ButtonComponent.swift */; };
/* End PBXBuildFile section */

/* Begin PBXContainerItemProxy section */
		B00D96522030764E00EF0B7A /* PBXContainerItemProxy */ = {
			isa = PBXContainerItemProxy;
			containerPortal = B00D95FE2030753600EF0B7A /* Project object */;
			proxyType = 1;
			remoteGlobalIDString = B00D96062030753600EF0B7A;
			remoteInfo = TinyKit;
		};
/* End PBXContainerItemProxy section */

/* Begin PBXCopyFilesBuildPhase section */
		B00D968C203078F700EF0B7A /* Carthage */ = {
			isa = PBXCopyFilesBuildPhase;
			buildActionMask = 2147483647;
			dstPath = "";
			dstSubfolderSpec = 10;
			files = (
			);
			name = Carthage;
			runOnlyForDeploymentPostprocessing = 0;
		};
/* End PBXCopyFilesBuildPhase section */

/* Begin PBXFileReference section */
		B00D96072030753600EF0B7A /* TinyKit.framework */ = {isa = PBXFileReference; explicitFileType = wrapper.framework; includeInIndex = 0; path = TinyKit.framework; sourceTree = BUILT_PRODUCTS_DIR; };
		B00D960A2030753600EF0B7A /* TinyKit.h */ = {isa = PBXFileReference; lastKnownFileType = sourcecode.c.h; path = TinyKit.h; sourceTree = "<group>"; };
		B00D960B2030753600EF0B7A /* Info.plist */ = {isa = PBXFileReference; lastKnownFileType = text.plist.xml; path = Info.plist; sourceTree = "<group>"; };
		B00D96252030758A00EF0B7A /* Component.swift */ = {isa = PBXFileReference; fileEncoding = 4; lastKnownFileType = sourcecode.swift; path = Component.swift; sourceTree = "<group>"; };
		B00D96272030758A00EF0B7A /* ComponentContentMode.swift */ = {isa = PBXFileReference; fileEncoding = 4; lastKnownFileType = sourcecode.swift; path = ComponentContentMode.swift; sourceTree = "<group>"; };
		B00D962D2030758A00EF0B7A /* UICollectionView+Cell.swift */ = {isa = PBXFileReference; fileEncoding = 4; lastKnownFileType = sourcecode.swift; path = "UICollectionView+Cell.swift"; sourceTree = "<group>"; };
		B00D962F2030758A00EF0B7A /* UIView+UINib.swift */ = {isa = PBXFileReference; fileEncoding = 4; lastKnownFileType = sourcecode.swift; path = "UIView+UINib.swift"; sourceTree = "<group>"; };
		B00D96312030758A00EF0B7A /* View.swift */ = {isa = PBXFileReference; fileEncoding = 4; lastKnownFileType = sourcecode.swift; path = View.swift; sourceTree = "<group>"; };
		B00D96322030758A00EF0B7A /* ViewRenderable.swift */ = {isa = PBXFileReference; fileEncoding = 4; lastKnownFileType = sourcecode.swift; path = ViewRenderable.swift; sourceTree = "<group>"; };
		B00D96332030758A00EF0B7A /* ViewRenderer.swift */ = {isa = PBXFileReference; fileEncoding = 4; lastKnownFileType = sourcecode.swift; path = ViewRenderer.swift; sourceTree = "<group>"; };
		B00D96352030758A00EF0B7A /* UITableView+Cell.swift */ = {isa = PBXFileReference; fileEncoding = 4; lastKnownFileType = sourcecode.swift; path = "UITableView+Cell.swift"; sourceTree = "<group>"; };
		B00D964C2030764E00EF0B7A /* TinyKitTests.xctest */ = {isa = PBXFileReference; explicitFileType = wrapper.cfbundle; includeInIndex = 0; path = TinyKitTests.xctest; sourceTree = BUILT_PRODUCTS_DIR; };
		B00D96582030766600EF0B7A /* Info.plist */ = {isa = PBXFileReference; fileEncoding = 4; lastKnownFileType = text.plist.xml; path = Info.plist; sourceTree = "<group>"; };
		B00D965B203076C500EF0B7A /* UITableViewExtensionsTests.swift */ = {isa = PBXFileReference; fileEncoding = 4; lastKnownFileType = sourcecode.swift; path = UITableViewExtensionsTests.swift; sourceTree = "<group>"; };
		B00D965C203076C500EF0B7A /* NibTableViewCell.xib */ = {isa = PBXFileReference; fileEncoding = 4; lastKnownFileType = file.xib; path = NibTableViewCell.xib; sourceTree = "<group>"; };
		B00D965D203076C500EF0B7A /* NibTableViewCell.swift */ = {isa = PBXFileReference; fileEncoding = 4; lastKnownFileType = sourcecode.swift; path = NibTableViewCell.swift; sourceTree = "<group>"; };
		B00D965E203076C500EF0B7A /* NoNibTableViewCell.swift */ = {isa = PBXFileReference; fileEncoding = 4; lastKnownFileType = sourcecode.swift; path = NoNibTableViewCell.swift; sourceTree = "<group>"; };
		B00D9660203076C500EF0B7A /* UICollectionViewExtensionsTests.swift */ = {isa = PBXFileReference; fileEncoding = 4; lastKnownFileType = sourcecode.swift; path = UICollectionViewExtensionsTests.swift; sourceTree = "<group>"; };
		B00D9661203076C500EF0B7A /* NibCollectionViewCell.xib */ = {isa = PBXFileReference; fileEncoding = 4; lastKnownFileType = file.xib; path = NibCollectionViewCell.xib; sourceTree = "<group>"; };
		B00D9662203076C500EF0B7A /* NoNibCollectionViewCell.swift */ = {isa = PBXFileReference; fileEncoding = 4; lastKnownFileType = sourcecode.swift; path = NoNibCollectionViewCell.swift; sourceTree = "<group>"; };
		B00D9663203076C500EF0B7A /* NibCollectionViewCell.swift */ = {isa = PBXFileReference; fileEncoding = 4; lastKnownFileType = sourcecode.swift; path = NibCollectionViewCell.swift; sourceTree = "<group>"; };
		B00D9667203076C500EF0B7A /* UIViewExtensionsTests.swift */ = {isa = PBXFileReference; fileEncoding = 4; lastKnownFileType = sourcecode.swift; path = UIViewExtensionsTests.swift; sourceTree = "<group>"; };
		B00D966D203076C500EF0B7A /* UIListComponentTests.swift */ = {isa = PBXFileReference; fileEncoding = 4; lastKnownFileType = sourcecode.swift; path = UIListComponentTests.swift; sourceTree = "<group>"; };
		B01DB549207F2EB300E511FE /* Stylable.swift */ = {isa = PBXFileReference; fileEncoding = 4; lastKnownFileType = sourcecode.swift; path = Stylable.swift; sourceTree = "<group>"; };
		B01DB54A207F2EB300E511FE /* Theme+AzureSky.swift */ = {isa = PBXFileReference; lastKnownFileType = sourcecode.swift; path = "Theme+AzureSky.swift"; sourceTree = "<group>"; };
		B01DB54B207F2EB400E511FE /* Theme.swift */ = {isa = PBXFileReference; lastKnownFileType = sourcecode.swift; path = Theme.swift; sourceTree = "<group>"; };
		B01DB54C207F2EB400E511FE /* Theme+Debug.swift */ = {isa = PBXFileReference; lastKnownFileType = sourcecode.swift; path = "Theme+Debug.swift"; sourceTree = "<group>"; };
		B01ED1FD203BFD580074CD5E /* Coordinator.swift */ = {isa = PBXFileReference; fileEncoding = 4; lastKnownFileType = sourcecode.swift; path = Coordinator.swift; sourceTree = "<group>"; };
		B01ED1FF203BFE620074CD5E /* UIViewRendererController.swift */ = {isa = PBXFileReference; fileEncoding = 4; lastKnownFileType = sourcecode.swift; path = UIViewRendererController.swift; sourceTree = "<group>"; };
		B01EF9EF205D2C9800CF9C17 /* UICollapseView.swift */ = {isa = PBXFileReference; fileEncoding = 4; lastKnownFileType = sourcecode.swift; path = UICollapseView.swift; sourceTree = "<group>"; };
		B01EF9F0205D2C9800CF9C17 /* UICollapseView.xib */ = {isa = PBXFileReference; fileEncoding = 4; lastKnownFileType = file.xib; path = UICollapseView.xib; sourceTree = "<group>"; };
		B01EF9F1205D2C9800CF9C17 /* UICollapseBarController.swift */ = {isa = PBXFileReference; fileEncoding = 4; lastKnownFileType = sourcecode.swift; path = UICollapseBarController.swift; sourceTree = "<group>"; };
		B01EF9F6205D2CCF00CF9C17 /* Inputable.swift */ = {isa = PBXFileReference; fileEncoding = 4; lastKnownFileType = sourcecode.swift; path = Inputable.swift; sourceTree = "<group>"; };
		B01EF9F8205D2CD000CF9C17 /* Validator.swift */ = {isa = PBXFileReference; fileEncoding = 4; lastKnownFileType = sourcecode.swift; path = Validator.swift; sourceTree = "<group>"; };
		B01EFA15205D2DD500CF9C17 /* UITextFieldBridge.swift */ = {isa = PBXFileReference; fileEncoding = 4; lastKnownFileType = sourcecode.swift; path = UITextFieldBridge.swift; sourceTree = "<group>"; };
		B022E267205E9E7E00DD9170 /* UITableViewBridge.swift */ = {isa = PBXFileReference; lastKnownFileType = sourcecode.swift; path = UITableViewBridge.swift; sourceTree = "<group>"; };
		B022E26B205FA36100DD9170 /* Bool+Toggle.swift */ = {isa = PBXFileReference; lastKnownFileType = sourcecode.swift; path = "Bool+Toggle.swift"; sourceTree = "<group>"; };
		B0354DC12031617B002A4B71 /* UIView+ViewRender.swift */ = {isa = PBXFileReference; fileEncoding = 4; lastKnownFileType = sourcecode.swift; path = "UIView+ViewRender.swift"; sourceTree = "<group>"; };
		B037F302205DF59600CF5F75 /* UICollectionViewBridge.swift */ = {isa = PBXFileReference; lastKnownFileType = sourcecode.swift; path = UICollectionViewBridge.swift; sourceTree = "<group>"; };
		B03A4C14208337CE005098D3 /* UICarouselLayout.swift */ = {isa = PBXFileReference; lastKnownFileType = sourcecode.swift; path = UICarouselLayout.swift; sourceTree = "<group>"; };
		B03A4C16208363BE005098D3 /* TCItemComponent.swift */ = {isa = PBXFileReference; lastKnownFileType = sourcecode.swift; path = TCItemComponent.swift; sourceTree = "<group>"; };
		B03C3E4620456E2D004E318B /* ViewControllerRepresentable.swift */ = {isa = PBXFileReference; lastKnownFileType = sourcecode.swift; path = ViewControllerRepresentable.swift; sourceTree = "<group>"; };
		B03C3E4720456E2D004E318B /* ViewController.swift */ = {isa = PBXFileReference; lastKnownFileType = sourcecode.swift; path = ViewController.swift; sourceTree = "<group>"; };
		B04707E1207A025F00331D26 /* ImageContainer.swift */ = {isa = PBXFileReference; lastKnownFileType = sourcecode.swift; path = ImageContainer.swift; sourceTree = "<group>"; };
		B04707E2207A025F00331D26 /* ImageProvider.swift */ = {isa = PBXFileReference; lastKnownFileType = sourcecode.swift; path = ImageProvider.swift; sourceTree = "<group>"; };
		B04707E6207A58BE00331D26 /* UIBoxComponent.swift */ = {isa = PBXFileReference; lastKnownFileType = sourcecode.swift; path = UIBoxComponent.swift; sourceTree = "<group>"; };
		B04707E8207C6C1300331D26 /* UIGridComponent.swift */ = {isa = PBXFileReference; lastKnownFileType = sourcecode.swift; path = UIGridComponent.swift; sourceTree = "<group>"; };
		B04707EA207C820200331D26 /* UIGridLayout.swift */ = {isa = PBXFileReference; lastKnownFileType = sourcecode.swift; path = UIGridLayout.swift; sourceTree = "<group>"; };
		B04707EC207C844700331D26 /* UICollectionView+SafeAreaRect.swift */ = {isa = PBXFileReference; lastKnownFileType = sourcecode.swift; path = "UICollectionView+SafeAreaRect.swift"; sourceTree = "<group>"; };
		B04707F8207F073F00331D26 /* UIGalleryComponent.swift */ = {isa = PBXFileReference; fileEncoding = 4; lastKnownFileType = sourcecode.swift; path = UIGalleryComponent.swift; sourceTree = "<group>"; };
		B04EBD78204AB8D300C9235F /* UICarouselComponent.swift */ = {isa = PBXFileReference; lastKnownFileType = sourcecode.swift; path = UICarouselComponent.swift; sourceTree = "<group>"; };
		B0542DDC20648E340078B3CE /* ListComponent.swift */ = {isa = PBXFileReference; lastKnownFileType = sourcecode.swift; path = ListComponent.swift; sourceTree = "<group>"; };
		B0542DDE2064B56E0078B3CE /* UIListComponent.swift */ = {isa = PBXFileReference; lastKnownFileType = sourcecode.swift; path = UIListComponent.swift; sourceTree = "<group>"; };
		B05E67602036D5B2003E8E0E /* UIItemComponentTests.swift */ = {isa = PBXFileReference; lastKnownFileType = sourcecode.swift; path = UIItemComponentTests.swift; sourceTree = "<group>"; };
		B05E67662036EDE5003E8E0E /* UIItemComponent.swift */ = {isa = PBXFileReference; fileEncoding = 4; lastKnownFileType = sourcecode.swift; path = UIItemComponent.swift; sourceTree = "<group>"; };
		B0876E1820623B2F005EDA9A /* Array+Join.swift */ = {isa = PBXFileReference; lastKnownFileType = sourcecode.swift; path = "Array+Join.swift"; sourceTree = "<group>"; };
		B0876EBC2035B8300003CC59 /* UIComponentViewController.swift */ = {isa = PBXFileReference; lastKnownFileType = sourcecode.swift; path = UIComponentViewController.swift; sourceTree = "<group>"; };
		B0B4741C208700C8000A49E6 /* Hydra.framework */ = {isa = PBXFileReference; lastKnownFileType = wrapper.framework; name = Hydra.framework; path = Carthage/Build/iOS/Hydra.framework; sourceTree = "<group>"; };
		B0B4741D208700C8000A49E6 /* TinyCore.framework */ = {isa = PBXFileReference; lastKnownFileType = wrapper.framework; name = TinyCore.framework; path = Carthage/Build/iOS/TinyCore.framework; sourceTree = "<group>"; };
		B0B4742020870132000A49E6 /* UICollectionComponent.swift */ = {isa = PBXFileReference; fileEncoding = 4; lastKnownFileType = sourcecode.swift; path = UICollectionComponent.swift; sourceTree = "<group>"; };
		B0B4742220870152000A49E6 /* UICollectionComponentTests.swift */ = {isa = PBXFileReference; fileEncoding = 4; lastKnownFileType = sourcecode.swift; path = UICollectionComponentTests.swift; sourceTree = "<group>"; };
		B0C357A52064EF090017E1F0 /* CollectionComponent.swift */ = {isa = PBXFileReference; lastKnownFileType = sourcecode.swift; path = CollectionComponent.swift; sourceTree = "<group>"; };
		B0D46960207F195A0047AE8F /* ButtonComponent.swift */ = {isa = PBXFileReference; lastKnownFileType = sourcecode.swift; path = ButtonComponent.swift; sourceTree = "<group>"; };
/* End PBXFileReference section */

/* Begin PBXFrameworksBuildPhase section */
		B00D96032030753600EF0B7A /* Frameworks */ = {
			isa = PBXFrameworksBuildPhase;
			buildActionMask = 2147483647;
			files = (
				B0B4741E208700C8000A49E6 /* Hydra.framework in Frameworks */,
				B0B4741F208700C8000A49E6 /* TinyCore.framework in Frameworks */,
			);
			runOnlyForDeploymentPostprocessing = 0;
		};
		B00D96492030764E00EF0B7A /* Frameworks */ = {
			isa = PBXFrameworksBuildPhase;
			buildActionMask = 2147483647;
			files = (
				B00D96512030764E00EF0B7A /* TinyKit.framework in Frameworks */,
			);
			runOnlyForDeploymentPostprocessing = 0;
		};
/* End PBXFrameworksBuildPhase section */

/* Begin PBXGroup section */
		B00D95FD2030753600EF0B7A = {
			isa = PBXGroup;
			children = (
				B00D96122030756200EF0B7A /* Sources */,
				B00D96572030766600EF0B7A /* Tests */,
				B00D96082030753600EF0B7A /* Products */,
				B00D96812030778F00EF0B7A /* Frameworks */,
			);
			sourceTree = "<group>";
		};
		B00D96082030753600EF0B7A /* Products */ = {
			isa = PBXGroup;
			children = (
				B00D96072030753600EF0B7A /* TinyKit.framework */,
				B00D964C2030764E00EF0B7A /* TinyKitTests.xctest */,
			);
			name = Products;
			sourceTree = "<group>";
		};
		B00D96122030756200EF0B7A /* Sources */ = {
			isa = PBXGroup;
			children = (
				B01EF9ED205D2C4100CF9C17 /* Collapsable Bar */,
				B00D961F2030758A00EF0B7A /* Component */,
				B01ED1FC203BFD260074CD5E /* Coordinator */,
				B04707E5207A026400331D26 /* Image */,
				B05E677E20394388003E8E0E /* UIKit */,
				B00D96302030758A00EF0B7A /* View */,
				B01EF9F6205D2CCF00CF9C17 /* Inputable.swift */,
				B01EF9F8205D2CD000CF9C17 /* Validator.swift */,
				B022E26B205FA36100DD9170 /* Bool+Toggle.swift */,
				B0876E1820623B2F005EDA9A /* Array+Join.swift */,
				B01DB549207F2EB300E511FE /* Stylable.swift */,
				B01DB54B207F2EB400E511FE /* Theme.swift */,
				B01DB54A207F2EB300E511FE /* Theme+AzureSky.swift */,
				B01DB54C207F2EB400E511FE /* Theme+Debug.swift */,
				B00D960A2030753600EF0B7A /* TinyKit.h */,
				B00D960B2030753600EF0B7A /* Info.plist */,
			);
			path = Sources;
			sourceTree = "<group>";
		};
		B00D961F2030758A00EF0B7A /* Component */ = {
			isa = PBXGroup;
			children = (
				B00D96272030758A00EF0B7A /* ComponentContentMode.swift */,
				B00D96252030758A00EF0B7A /* Component.swift */,
			);
			path = Component;
			sourceTree = "<group>";
		};
		B00D962C2030758A00EF0B7A /* UICollectionView */ = {
			isa = PBXGroup;
			children = (
				B00D962D2030758A00EF0B7A /* UICollectionView+Cell.swift */,
				B04707EC207C844700331D26 /* UICollectionView+SafeAreaRect.swift */,
			);
			path = UICollectionView;
			sourceTree = "<group>";
		};
		B00D962E2030758A00EF0B7A /* UIView */ = {
			isa = PBXGroup;
			children = (
				B00D962F2030758A00EF0B7A /* UIView+UINib.swift */,
			);
			path = UIView;
			sourceTree = "<group>";
		};
		B00D96302030758A00EF0B7A /* View */ = {
			isa = PBXGroup;
			children = (
				B03C3E4A20456E69004E318B /* Controller */,
				B00D96312030758A00EF0B7A /* View.swift */,
				B00D96322030758A00EF0B7A /* ViewRenderable.swift */,
				B00D96332030758A00EF0B7A /* ViewRenderer.swift */,
			);
			path = View;
			sourceTree = "<group>";
		};
		B00D96342030758A00EF0B7A /* UITableView */ = {
			isa = PBXGroup;
			children = (
				B00D96352030758A00EF0B7A /* UITableView+Cell.swift */,
			);
			path = UITableView;
			sourceTree = "<group>";
		};
		B00D96572030766600EF0B7A /* Tests */ = {
			isa = PBXGroup;
			children = (
				B00D9668203076C500EF0B7A /* Component */,
				B00D965F203076C500EF0B7A /* UICollectionView */,
				B00D965A203076C500EF0B7A /* UITableView */,
				B00D9666203076C500EF0B7A /* UIView */,
				B00D96582030766600EF0B7A /* Info.plist */,
			);
			path = Tests;
			sourceTree = "<group>";
		};
		B00D965A203076C500EF0B7A /* UITableView */ = {
			isa = PBXGroup;
			children = (
				B00D965B203076C500EF0B7A /* UITableViewExtensionsTests.swift */,
				B00D965C203076C500EF0B7A /* NibTableViewCell.xib */,
				B00D965D203076C500EF0B7A /* NibTableViewCell.swift */,
				B00D965E203076C500EF0B7A /* NoNibTableViewCell.swift */,
			);
			path = UITableView;
			sourceTree = "<group>";
		};
		B00D965F203076C500EF0B7A /* UICollectionView */ = {
			isa = PBXGroup;
			children = (
				B00D9660203076C500EF0B7A /* UICollectionViewExtensionsTests.swift */,
				B00D9661203076C500EF0B7A /* NibCollectionViewCell.xib */,
				B00D9662203076C500EF0B7A /* NoNibCollectionViewCell.swift */,
				B00D9663203076C500EF0B7A /* NibCollectionViewCell.swift */,
			);
			path = UICollectionView;
			sourceTree = "<group>";
		};
		B00D9666203076C500EF0B7A /* UIView */ = {
			isa = PBXGroup;
			children = (
				B00D9667203076C500EF0B7A /* UIViewExtensionsTests.swift */,
			);
			path = UIView;
			sourceTree = "<group>";
		};
		B00D9668203076C500EF0B7A /* Component */ = {
			isa = PBXGroup;
			children = (
				B05E67602036D5B2003E8E0E /* UIItemComponentTests.swift */,
				B00D966D203076C500EF0B7A /* UIListComponentTests.swift */,
				B0B4742220870152000A49E6 /* UICollectionComponentTests.swift */,
			);
			path = Component;
			sourceTree = "<group>";
		};
		B00D96812030778F00EF0B7A /* Frameworks */ = {
			isa = PBXGroup;
			children = (
				B0B4741C208700C8000A49E6 /* Hydra.framework */,
				B0B4741D208700C8000A49E6 /* TinyCore.framework */,
			);
			name = Frameworks;
			sourceTree = "<group>";
		};
		B01ED1FC203BFD260074CD5E /* Coordinator */ = {
			isa = PBXGroup;
			children = (
				B01ED1FD203BFD580074CD5E /* Coordinator.swift */,
			);
			path = Coordinator;
			sourceTree = "<group>";
		};
		B01EF9ED205D2C4100CF9C17 /* Collapsable Bar */ = {
			isa = PBXGroup;
			children = (
				B01EF9F1205D2C9800CF9C17 /* UICollapseBarController.swift */,
				B01EF9EF205D2C9800CF9C17 /* UICollapseView.swift */,
				B01EF9F0205D2C9800CF9C17 /* UICollapseView.xib */,
			);
			path = "Collapsable Bar";
			sourceTree = "<group>";
		};
		B03C3E4A20456E69004E318B /* Controller */ = {
			isa = PBXGroup;
			children = (
				B03C3E4720456E2D004E318B /* ViewController.swift */,
				B03C3E4620456E2D004E318B /* ViewControllerRepresentable.swift */,
			);
			path = Controller;
			sourceTree = "<group>";
		};
		B04707E5207A026400331D26 /* Image */ = {
			isa = PBXGroup;
			children = (
				B04707E2207A025F00331D26 /* ImageProvider.swift */,
				B04707E1207A025F00331D26 /* ImageContainer.swift */,
			);
			path = Image;
			sourceTree = "<group>";
		};
		B05E677E20394388003E8E0E /* UIKit */ = {
			isa = PBXGroup;
			children = (
				B00D962C2030758A00EF0B7A /* UICollectionView */,
				B00D96342030758A00EF0B7A /* UITableView */,
				B00D962E2030758A00EF0B7A /* UIView */,
				B05E67922039B7B4003E8E0E /* Component */,
				B05E67912039B77B003E8E0E /* View */,
				B01EFA15205D2DD500CF9C17 /* UITextFieldBridge.swift */,
				B022E267205E9E7E00DD9170 /* UITableViewBridge.swift */,
				B037F302205DF59600CF5F75 /* UICollectionViewBridge.swift */,
			);
			path = UIKit;
			sourceTree = "<group>";
		};
		B05E67912039B77B003E8E0E /* View */ = {
			isa = PBXGroup;
			children = (
				B0354DC12031617B002A4B71 /* UIView+ViewRender.swift */,
				B01ED1FF203BFE620074CD5E /* UIViewRendererController.swift */,
			);
			path = View;
			sourceTree = "<group>";
		};
		B05E67922039B7B4003E8E0E /* Component */ = {
			isa = PBXGroup;
			children = (
				B0C357A52064EF090017E1F0 /* CollectionComponent.swift */,
				B0542DDC20648E340078B3CE /* ListComponent.swift */,
				B05E67662036EDE5003E8E0E /* UIItemComponent.swift */,
				B03A4C16208363BE005098D3 /* TCItemComponent.swift */,
				B04707E6207A58BE00331D26 /* UIBoxComponent.swift */,
				B0B4742020870132000A49E6 /* UICollectionComponent.swift */,
				B04707EA207C820200331D26 /* UIGridLayout.swift */,
				B04707E8207C6C1300331D26 /* UIGridComponent.swift */,
				B03A4C14208337CE005098D3 /* UICarouselLayout.swift */,
				B04EBD78204AB8D300C9235F /* UICarouselComponent.swift */,
				B04707F8207F073F00331D26 /* UIGalleryComponent.swift */,
				B0542DDE2064B56E0078B3CE /* UIListComponent.swift */,
				B0876EBC2035B8300003CC59 /* UIComponentViewController.swift */,
				B0D46960207F195A0047AE8F /* ButtonComponent.swift */,
			);
			path = Component;
			sourceTree = "<group>";
		};
/* End PBXGroup section */

/* Begin PBXHeadersBuildPhase section */
		B00D96042030753600EF0B7A /* Headers */ = {
			isa = PBXHeadersBuildPhase;
			buildActionMask = 2147483647;
			files = (
				B00D960C2030753600EF0B7A /* TinyKit.h in Headers */,
			);
			runOnlyForDeploymentPostprocessing = 0;
		};
/* End PBXHeadersBuildPhase section */

/* Begin PBXNativeTarget section */
		B00D96062030753600EF0B7A /* TinyKit */ = {
			isa = PBXNativeTarget;
			buildConfigurationList = B00D960F2030753600EF0B7A /* Build configuration list for PBXNativeTarget "TinyKit" */;
			buildPhases = (
				B00D96022030753600EF0B7A /* Sources */,
				B00D96032030753600EF0B7A /* Frameworks */,
				B00D96042030753600EF0B7A /* Headers */,
				B00D96052030753600EF0B7A /* Resources */,
				B00D96862030779600EF0B7A /* Carthage */,
			);
			buildRules = (
			);
			dependencies = (
			);
			name = TinyKit;
			productName = TinyKit;
			productReference = B00D96072030753600EF0B7A /* TinyKit.framework */;
			productType = "com.apple.product-type.framework";
		};
		B00D964B2030764E00EF0B7A /* TinyKitTests */ = {
			isa = PBXNativeTarget;
			buildConfigurationList = B00D96542030764E00EF0B7A /* Build configuration list for PBXNativeTarget "TinyKitTests" */;
			buildPhases = (
				B00D96482030764E00EF0B7A /* Sources */,
				B00D96492030764E00EF0B7A /* Frameworks */,
				B00D964A2030764E00EF0B7A /* Resources */,
				B00D968C203078F700EF0B7A /* Carthage */,
			);
			buildRules = (
			);
			dependencies = (
				B00D96532030764E00EF0B7A /* PBXTargetDependency */,
			);
			name = TinyKitTests;
			productName = TinyKitTests;
			productReference = B00D964C2030764E00EF0B7A /* TinyKitTests.xctest */;
			productType = "com.apple.product-type.bundle.unit-test";
		};
/* End PBXNativeTarget section */

/* Begin PBXProject section */
		B00D95FE2030753600EF0B7A /* Project object */ = {
			isa = PBXProject;
			attributes = {
				LastSwiftUpdateCheck = 0920;
				LastUpgradeCheck = 0930;
				ORGANIZATIONNAME = TinyWorld;
				TargetAttributes = {
					B00D96062030753600EF0B7A = {
						CreatedOnToolsVersion = 9.2;
						ProvisioningStyle = Automatic;
					};
					B00D964B2030764E00EF0B7A = {
						CreatedOnToolsVersion = 9.2;
						ProvisioningStyle = Automatic;
					};
				};
			};
			buildConfigurationList = B00D96012030753600EF0B7A /* Build configuration list for PBXProject "TinyKit" */;
			compatibilityVersion = "Xcode 8.0";
			developmentRegion = en;
			hasScannedForEncodings = 0;
			knownRegions = (
				en,
			);
			mainGroup = B00D95FD2030753600EF0B7A;
			productRefGroup = B00D96082030753600EF0B7A /* Products */;
			projectDirPath = "";
			projectRoot = "";
			targets = (
				B00D96062030753600EF0B7A /* TinyKit */,
				B00D964B2030764E00EF0B7A /* TinyKitTests */,
			);
		};
/* End PBXProject section */

/* Begin PBXResourcesBuildPhase section */
		B00D96052030753600EF0B7A /* Resources */ = {
			isa = PBXResourcesBuildPhase;
			buildActionMask = 2147483647;
			files = (
				B01EF9F3205D2C9800CF9C17 /* UICollapseView.xib in Resources */,
			);
			runOnlyForDeploymentPostprocessing = 0;
		};
		B00D964A2030764E00EF0B7A /* Resources */ = {
			isa = PBXResourcesBuildPhase;
			buildActionMask = 2147483647;
			files = (
				B00D9675203076C500EF0B7A /* NibCollectionViewCell.xib in Resources */,
				B00D9671203076C500EF0B7A /* NibTableViewCell.xib in Resources */,
			);
			runOnlyForDeploymentPostprocessing = 0;
		};
/* End PBXResourcesBuildPhase section */

/* Begin PBXShellScriptBuildPhase section */
		B00D96862030779600EF0B7A /* Carthage */ = {
			isa = PBXShellScriptBuildPhase;
			buildActionMask = 2147483647;
			files = (
			);
			inputPaths = (
				"$(SRCROOT)/Carthage/Build/iOS/Hydra.framework",
				"$(SRCROOT)/Carthage/Build/iOS/TinyCore.framework",
			);
			name = Carthage;
			outputPaths = (
				"$(BUILT_PRODUCTS_DIR)/$(FRAMEWORKS_FOLDER_PATH)/Hydra.framework",
				"$(BUILT_PRODUCTS_DIR)/$(FRAMEWORKS_FOLDER_PATH)/TinyCore.framework",
			);
			runOnlyForDeploymentPostprocessing = 0;
			shellPath = /bin/sh;
			shellScript = "/usr/local/bin/carthage copy-frameworks";
		};
/* End PBXShellScriptBuildPhase section */

/* Begin PBXSourcesBuildPhase section */
		B00D96022030753600EF0B7A /* Sources */ = {
			isa = PBXSourcesBuildPhase;
			buildActionMask = 2147483647;
			files = (
				B0876E1920623B2F005EDA9A /* Array+Join.swift in Sources */,
				B00D963D2030758A00EF0B7A /* ComponentContentMode.swift in Sources */,
				B037F303205DF59600CF5F75 /* UICollectionViewBridge.swift in Sources */,
				B022E268205E9E7E00DD9170 /* UITableViewBridge.swift in Sources */,
				B05E67672036EDE5003E8E0E /* UIItemComponent.swift in Sources */,
				B01EF9F4205D2C9800CF9C17 /* UICollapseBarController.swift in Sources */,
				B01DB554207F2F1300E511FE /* Theme+Debug.swift in Sources */,
				B01EF9FC205D2CD000CF9C17 /* Validator.swift in Sources */,
				B00D96422030758A00EF0B7A /* UIView+UINib.swift in Sources */,
				B04707E7207A58BE00331D26 /* UIBoxComponent.swift in Sources */,
				B03C3E4820456E2D004E318B /* ViewControllerRepresentable.swift in Sources */,
				B01DB553207F2F1300E511FE /* Theme+AzureSky.swift in Sources */,
				B00D963B2030758A00EF0B7A /* Component.swift in Sources */,
				B0354DC22031617C002A4B71 /* UIView+ViewRender.swift in Sources */,
				B0542DDD20648E340078B3CE /* ListComponent.swift in Sources */,
				B00D96452030758A00EF0B7A /* ViewRenderer.swift in Sources */,
				B04707E4207A025F00331D26 /* ImageProvider.swift in Sources */,
				B00D96412030758A00EF0B7A /* UICollectionView+Cell.swift in Sources */,
				B01EF9FA205D2CD000CF9C17 /* Inputable.swift in Sources */,
				B04707E3207A025F00331D26 /* ImageContainer.swift in Sources */,
				B022E26C205FA36100DD9170 /* Bool+Toggle.swift in Sources */,
				B01EF9F2205D2C9800CF9C17 /* UICollapseView.swift in Sources */,
				B00D96462030758A00EF0B7A /* UITableView+Cell.swift in Sources */,
				B0876EBD2035B8300003CC59 /* UIComponentViewController.swift in Sources */,
				B01DB551207F2F1300E511FE /* Stylable.swift in Sources */,
				B03C3E4920456E2D004E318B /* ViewController.swift in Sources */,
				B01ED1FE203BFD580074CD5E /* Coordinator.swift in Sources */,
				B00D96442030758A00EF0B7A /* ViewRenderable.swift in Sources */,
				B04707E9207C6C1300331D26 /* UIGridComponent.swift in Sources */,
				B00D96432030758A00EF0B7A /* View.swift in Sources */,
				B04707ED207C844700331D26 /* UICollectionView+SafeAreaRect.swift in Sources */,
				B01DB552207F2F1300E511FE /* Theme.swift in Sources */,
				B0C357A72064F39D0017E1F0 /* CollectionComponent.swift in Sources */,
				B0542DDF2064B56E0078B3CE /* UIListComponent.swift in Sources */,
				B04EBD79204AB8D300C9235F /* UICarouselComponent.swift in Sources */,
				B04707F9207F073F00331D26 /* UIGalleryComponent.swift in Sources */,
				B03A4C17208363BE005098D3 /* TCItemComponent.swift in Sources */,
				B01ED200203BFE620074CD5E /* UIViewRendererController.swift in Sources */,
				B01EFA16205D2DD500CF9C17 /* UITextFieldBridge.swift in Sources */,
				B04707EB207C820200331D26 /* UIGridLayout.swift in Sources */,
				B0D46961207F195A0047AE8F /* ButtonComponent.swift in Sources */,
				B0B4742120870132000A49E6 /* UICollectionComponent.swift in Sources */,
				B03A4C15208337CE005098D3 /* UICarouselLayout.swift in Sources */,
			);
			runOnlyForDeploymentPostprocessing = 0;
		};
		B00D96482030764E00EF0B7A /* Sources */ = {
			isa = PBXSourcesBuildPhase;
			buildActionMask = 2147483647;
			files = (
				B0B474242087015D000A49E6 /* UICollectionComponentTests.swift in Sources */,
				B00D9674203076C500EF0B7A /* UICollectionViewExtensionsTests.swift in Sources */,
				B00D967E203076C500EF0B7A /* UIListComponentTests.swift in Sources */,
				B00D9670203076C500EF0B7A /* UITableViewExtensionsTests.swift in Sources */,
				B00D9679203076C500EF0B7A /* UIViewExtensionsTests.swift in Sources */,
				B00D9673203076C500EF0B7A /* NoNibTableViewCell.swift in Sources */,
				B05E67622036D5B6003E8E0E /* UIItemComponentTests.swift in Sources */,
				B00D9676203076C500EF0B7A /* NoNibCollectionViewCell.swift in Sources */,
				B00D9677203076C500EF0B7A /* NibCollectionViewCell.swift in Sources */,
				B00D9672203076C500EF0B7A /* NibTableViewCell.swift in Sources */,
			);
			runOnlyForDeploymentPostprocessing = 0;
		};
/* End PBXSourcesBuildPhase section */

/* Begin PBXTargetDependency section */
		B00D96532030764E00EF0B7A /* PBXTargetDependency */ = {
			isa = PBXTargetDependency;
			target = B00D96062030753600EF0B7A /* TinyKit */;
			targetProxy = B00D96522030764E00EF0B7A /* PBXContainerItemProxy */;
		};
/* End PBXTargetDependency section */

/* Begin XCBuildConfiguration section */
		B00D960D2030753600EF0B7A /* Debug */ = {
			isa = XCBuildConfiguration;
			buildSettings = {
				ALWAYS_SEARCH_USER_PATHS = NO;
				CLANG_ANALYZER_NONNULL = YES;
				CLANG_ANALYZER_NUMBER_OBJECT_CONVERSION = YES_AGGRESSIVE;
				CLANG_CXX_LANGUAGE_STANDARD = "gnu++14";
				CLANG_CXX_LIBRARY = "libc++";
				CLANG_ENABLE_MODULES = YES;
				CLANG_ENABLE_OBJC_ARC = YES;
				CLANG_WARN_BLOCK_CAPTURE_AUTORELEASING = YES;
				CLANG_WARN_BOOL_CONVERSION = YES;
				CLANG_WARN_COMMA = YES;
				CLANG_WARN_CONSTANT_CONVERSION = YES;
				CLANG_WARN_DEPRECATED_OBJC_IMPLEMENTATIONS = YES;
				CLANG_WARN_DIRECT_OBJC_ISA_USAGE = YES_ERROR;
				CLANG_WARN_DOCUMENTATION_COMMENTS = YES;
				CLANG_WARN_EMPTY_BODY = YES;
				CLANG_WARN_ENUM_CONVERSION = YES;
				CLANG_WARN_INFINITE_RECURSION = YES;
				CLANG_WARN_INT_CONVERSION = YES;
				CLANG_WARN_NON_LITERAL_NULL_CONVERSION = YES;
				CLANG_WARN_OBJC_IMPLICIT_RETAIN_SELF = YES;
				CLANG_WARN_OBJC_LITERAL_CONVERSION = YES;
				CLANG_WARN_OBJC_ROOT_CLASS = YES_ERROR;
				CLANG_WARN_RANGE_LOOP_ANALYSIS = YES;
				CLANG_WARN_STRICT_PROTOTYPES = YES;
				CLANG_WARN_SUSPICIOUS_MOVE = YES;
				CLANG_WARN_UNGUARDED_AVAILABILITY = YES_AGGRESSIVE;
				CLANG_WARN_UNREACHABLE_CODE = YES;
				CLANG_WARN__DUPLICATE_METHOD_MATCH = YES;
				CODE_SIGN_IDENTITY = "iPhone Developer";
				COPY_PHASE_STRIP = NO;
				CURRENT_PROJECT_VERSION = 1;
				DEBUG_INFORMATION_FORMAT = dwarf;
				ENABLE_STRICT_OBJC_MSGSEND = YES;
				ENABLE_TESTABILITY = YES;
				GCC_C_LANGUAGE_STANDARD = gnu11;
				GCC_DYNAMIC_NO_PIC = NO;
				GCC_NO_COMMON_BLOCKS = YES;
				GCC_OPTIMIZATION_LEVEL = 0;
				GCC_PREPROCESSOR_DEFINITIONS = (
					"DEBUG=1",
					"$(inherited)",
				);
				GCC_WARN_64_TO_32_BIT_CONVERSION = YES;
				GCC_WARN_ABOUT_RETURN_TYPE = YES_ERROR;
				GCC_WARN_UNDECLARED_SELECTOR = YES;
				GCC_WARN_UNINITIALIZED_AUTOS = YES_AGGRESSIVE;
				GCC_WARN_UNUSED_FUNCTION = YES;
				GCC_WARN_UNUSED_VARIABLE = YES;
				IPHONEOS_DEPLOYMENT_TARGET = 11.0;
				MTL_ENABLE_DEBUG_INFO = YES;
				ONLY_ACTIVE_ARCH = YES;
				SDKROOT = iphoneos;
				SWIFT_ACTIVE_COMPILATION_CONDITIONS = DEBUG;
				SWIFT_OPTIMIZATION_LEVEL = "-Onone";
				VERSIONING_SYSTEM = "apple-generic";
				VERSION_INFO_PREFIX = "";
			};
			name = Debug;
		};
		B00D960E2030753600EF0B7A /* Release */ = {
			isa = XCBuildConfiguration;
			buildSettings = {
				ALWAYS_SEARCH_USER_PATHS = NO;
				CLANG_ANALYZER_NONNULL = YES;
				CLANG_ANALYZER_NUMBER_OBJECT_CONVERSION = YES_AGGRESSIVE;
				CLANG_CXX_LANGUAGE_STANDARD = "gnu++14";
				CLANG_CXX_LIBRARY = "libc++";
				CLANG_ENABLE_MODULES = YES;
				CLANG_ENABLE_OBJC_ARC = YES;
				CLANG_WARN_BLOCK_CAPTURE_AUTORELEASING = YES;
				CLANG_WARN_BOOL_CONVERSION = YES;
				CLANG_WARN_COMMA = YES;
				CLANG_WARN_CONSTANT_CONVERSION = YES;
				CLANG_WARN_DEPRECATED_OBJC_IMPLEMENTATIONS = YES;
				CLANG_WARN_DIRECT_OBJC_ISA_USAGE = YES_ERROR;
				CLANG_WARN_DOCUMENTATION_COMMENTS = YES;
				CLANG_WARN_EMPTY_BODY = YES;
				CLANG_WARN_ENUM_CONVERSION = YES;
				CLANG_WARN_INFINITE_RECURSION = YES;
				CLANG_WARN_INT_CONVERSION = YES;
				CLANG_WARN_NON_LITERAL_NULL_CONVERSION = YES;
				CLANG_WARN_OBJC_IMPLICIT_RETAIN_SELF = YES;
				CLANG_WARN_OBJC_LITERAL_CONVERSION = YES;
				CLANG_WARN_OBJC_ROOT_CLASS = YES_ERROR;
				CLANG_WARN_RANGE_LOOP_ANALYSIS = YES;
				CLANG_WARN_STRICT_PROTOTYPES = YES;
				CLANG_WARN_SUSPICIOUS_MOVE = YES;
				CLANG_WARN_UNGUARDED_AVAILABILITY = YES_AGGRESSIVE;
				CLANG_WARN_UNREACHABLE_CODE = YES;
				CLANG_WARN__DUPLICATE_METHOD_MATCH = YES;
				CODE_SIGN_IDENTITY = "iPhone Developer";
				COPY_PHASE_STRIP = NO;
				CURRENT_PROJECT_VERSION = 1;
				DEBUG_INFORMATION_FORMAT = "dwarf-with-dsym";
				ENABLE_NS_ASSERTIONS = NO;
				ENABLE_STRICT_OBJC_MSGSEND = YES;
				GCC_C_LANGUAGE_STANDARD = gnu11;
				GCC_NO_COMMON_BLOCKS = YES;
				GCC_WARN_64_TO_32_BIT_CONVERSION = YES;
				GCC_WARN_ABOUT_RETURN_TYPE = YES_ERROR;
				GCC_WARN_UNDECLARED_SELECTOR = YES;
				GCC_WARN_UNINITIALIZED_AUTOS = YES_AGGRESSIVE;
				GCC_WARN_UNUSED_FUNCTION = YES;
				GCC_WARN_UNUSED_VARIABLE = YES;
				IPHONEOS_DEPLOYMENT_TARGET = 11.0;
				MTL_ENABLE_DEBUG_INFO = NO;
				SDKROOT = iphoneos;
				SWIFT_OPTIMIZATION_LEVEL = "-Owholemodule";
				VALIDATE_PRODUCT = YES;
				VERSIONING_SYSTEM = "apple-generic";
				VERSION_INFO_PREFIX = "";
			};
			name = Release;
		};
		B00D96102030753600EF0B7A /* Debug */ = {
			isa = XCBuildConfiguration;
			buildSettings = {
				CODE_SIGN_IDENTITY = "";
				CODE_SIGN_STYLE = Automatic;
				DEFINES_MODULE = YES;
				DEVELOPMENT_TEAM = 5CE6946X84;
				DYLIB_COMPATIBILITY_VERSION = 1;
				DYLIB_CURRENT_VERSION = 1;
				DYLIB_INSTALL_NAME_BASE = "@rpath";
				FRAMEWORK_SEARCH_PATHS = (
					"$(inherited)",
					"$(PROJECT_DIR)/Carthage/Build/iOS",
				);
				INFOPLIST_FILE = Sources/Info.plist;
				INSTALL_PATH = "$(LOCAL_LIBRARY_DIR)/Frameworks";
				LD_RUNPATH_SEARCH_PATHS = "$(inherited) @executable_path/Frameworks @loader_path/Frameworks";
				PRODUCT_BUNDLE_IDENTIFIER = com.tinyworld.TinyKit;
				PRODUCT_NAME = "$(TARGET_NAME:c99extidentifier)";
				SKIP_INSTALL = YES;
				SWIFT_VERSION = 4.0;
				TARGETED_DEVICE_FAMILY = "1,2";
			};
			name = Debug;
		};
		B00D96112030753600EF0B7A /* Release */ = {
			isa = XCBuildConfiguration;
			buildSettings = {
				CODE_SIGN_IDENTITY = "";
				CODE_SIGN_STYLE = Automatic;
				DEFINES_MODULE = YES;
				DEVELOPMENT_TEAM = 5CE6946X84;
				DYLIB_COMPATIBILITY_VERSION = 1;
				DYLIB_CURRENT_VERSION = 1;
				DYLIB_INSTALL_NAME_BASE = "@rpath";
				FRAMEWORK_SEARCH_PATHS = (
					"$(inherited)",
					"$(PROJECT_DIR)/Carthage/Build/iOS",
				);
				INFOPLIST_FILE = Sources/Info.plist;
				INSTALL_PATH = "$(LOCAL_LIBRARY_DIR)/Frameworks";
				LD_RUNPATH_SEARCH_PATHS = "$(inherited) @executable_path/Frameworks @loader_path/Frameworks";
				PRODUCT_BUNDLE_IDENTIFIER = com.tinyworld.TinyKit;
				PRODUCT_NAME = "$(TARGET_NAME:c99extidentifier)";
				SKIP_INSTALL = YES;
				SWIFT_VERSION = 4.0;
				TARGETED_DEVICE_FAMILY = "1,2";
			};
			name = Release;
		};
		B00D96552030764E00EF0B7A /* Debug */ = {
			isa = XCBuildConfiguration;
			buildSettings = {
				CODE_SIGN_STYLE = Automatic;
				DEVELOPMENT_TEAM = 5CE6946X84;
				FRAMEWORK_SEARCH_PATHS = (
					"$(inherited)",
					"$(PROJECT_DIR)/Carthage/Build/iOS",
				);
				INFOPLIST_FILE = Tests/Info.plist;
				LD_RUNPATH_SEARCH_PATHS = "$(inherited) @executable_path/Frameworks @loader_path/Frameworks";
				PRODUCT_BUNDLE_IDENTIFIER = com.tinyworld.TinyKitTests;
				PRODUCT_NAME = "$(TARGET_NAME)";
				SWIFT_VERSION = 4.0;
				TARGETED_DEVICE_FAMILY = "1,2";
			};
			name = Debug;
		};
		B00D96562030764E00EF0B7A /* Release */ = {
			isa = XCBuildConfiguration;
			buildSettings = {
				CODE_SIGN_STYLE = Automatic;
				DEVELOPMENT_TEAM = 5CE6946X84;
				FRAMEWORK_SEARCH_PATHS = (
					"$(inherited)",
					"$(PROJECT_DIR)/Carthage/Build/iOS",
				);
				INFOPLIST_FILE = Tests/Info.plist;
				LD_RUNPATH_SEARCH_PATHS = "$(inherited) @executable_path/Frameworks @loader_path/Frameworks";
				PRODUCT_BUNDLE_IDENTIFIER = com.tinyworld.TinyKitTests;
				PRODUCT_NAME = "$(TARGET_NAME)";
				SWIFT_VERSION = 4.0;
				TARGETED_DEVICE_FAMILY = "1,2";
			};
			name = Release;
		};
/* End XCBuildConfiguration section */

/* Begin XCConfigurationList section */
		B00D96012030753600EF0B7A /* Build configuration list for PBXProject "TinyKit" */ = {
			isa = XCConfigurationList;
			buildConfigurations = (
				B00D960D2030753600EF0B7A /* Debug */,
				B00D960E2030753600EF0B7A /* Release */,
			);
			defaultConfigurationIsVisible = 0;
			defaultConfigurationName = Release;
		};
		B00D960F2030753600EF0B7A /* Build configuration list for PBXNativeTarget "TinyKit" */ = {
			isa = XCConfigurationList;
			buildConfigurations = (
				B00D96102030753600EF0B7A /* Debug */,
				B00D96112030753600EF0B7A /* Release */,
			);
			defaultConfigurationIsVisible = 0;
			defaultConfigurationName = Release;
		};
		B00D96542030764E00EF0B7A /* Build configuration list for PBXNativeTarget "TinyKitTests" */ = {
			isa = XCConfigurationList;
			buildConfigurations = (
				B00D96552030764E00EF0B7A /* Debug */,
				B00D96562030764E00EF0B7A /* Release */,
			);
			defaultConfigurationIsVisible = 0;
			defaultConfigurationName = Release;
		};
/* End XCConfigurationList section */
	};
	rootObject = B00D95FE2030753600EF0B7A /* Project object */;
}
