// !$*UTF8*$!
{
	archiveVersion = 1;
	classes = {
	};
	objectVersion = 46;
	objects = {

/* Begin PBXBuildFile section */
		B08D6EE81F1C826400376FBE /* NibTableViewCell.swift in Sources */ = {isa = PBXBuildFile; fileRef = B08D6EE61F1C826400376FBE /* NibTableViewCell.swift */; };
		B08D6EE91F1C843200376FBE /* NibTableViewCell.xib in Sources */ = {isa = PBXBuildFile; fileRef = B08D6EE71F1C826400376FBE /* NibTableViewCell.xib */; };
		B08D6EEF1F1C8AD100376FBE /* UICollectionViewExtensionsTests.swift in Sources */ = {isa = PBXBuildFile; fileRef = B08D6EEE1F1C8AD100376FBE /* UICollectionViewExtensionsTests.swift */; };
		B08D6EF01F1C8AD900376FBE /* UICollectionViewExtensions.swift in Sources */ = {isa = PBXBuildFile; fileRef = B08D6EEB1F1C8AAD00376FBE /* UICollectionViewExtensions.swift */; };
		B08D6EF21F1C8BA600376FBE /* NoNibCollectionViewCell.swift in Sources */ = {isa = PBXBuildFile; fileRef = B08D6EF11F1C8BA600376FBE /* NoNibCollectionViewCell.swift */; };
		B08D6EF51F1C8FA400376FBE /* NibCollectionViewCell.swift in Sources */ = {isa = PBXBuildFile; fileRef = B08D6EF31F1C8FA400376FBE /* NibCollectionViewCell.swift */; };
		B08D6EF61F1C8FD000376FBE /* NibCollectionViewCell.xib in Sources */ = {isa = PBXBuildFile; fileRef = B08D6EF41F1C8FA400376FBE /* NibCollectionViewCell.xib */; };
		B08D6EFE1F1CA01500376FBE /* UINibExtensionsTests.swift in Sources */ = {isa = PBXBuildFile; fileRef = B08D6EFD1F1CA01500376FBE /* UINibExtensionsTests.swift */; };
		B08D6EFF1F1CA01C00376FBE /* UINibExtensions.swift in Sources */ = {isa = PBXBuildFile; fileRef = B08D6EFB1F1CA00200376FBE /* UINibExtensions.swift */; };
		B08D6F031F1CA29000376FBE /* UIViewExtensions.swift in Sources */ = {isa = PBXBuildFile; fileRef = B08D6F021F1CA29000376FBE /* UIViewExtensions.swift */; };
		B08D6F051F1CA29D00376FBE /* UIViewExtensionsTests.swift in Sources */ = {isa = PBXBuildFile; fileRef = B08D6F041F1CA29D00376FBE /* UIViewExtensionsTests.swift */; };
		OBJ_29 /* Identifiable.swift in Sources */ = {isa = PBXBuildFile; fileRef = OBJ_19 /* Identifiable.swift */; };
		OBJ_36 /* UITableViewExtensions.swift in Sources */ = {isa = PBXBuildFile; fileRef = OBJ_10 /* UITableViewExtensions.swift */; };
		OBJ_38 /* TinyCore.framework in Frameworks */ = {isa = PBXBuildFile; fileRef = OBJ_21 /* TinyCore.framework */; };
		OBJ_45 /* NoNibTableViewCell.swift in Sources */ = {isa = PBXBuildFile; fileRef = OBJ_14 /* NoNibTableViewCell.swift */; };
		OBJ_46 /* UITableViewExtensionsTests.swift in Sources */ = {isa = PBXBuildFile; fileRef = OBJ_15 /* UITableViewExtensionsTests.swift */; };
		OBJ_48 /* TinyCore.framework in Frameworks */ = {isa = PBXBuildFile; fileRef = OBJ_21 /* TinyCore.framework */; };
		OBJ_49 /* TinyKit.framework in Frameworks */ = {isa = PBXBuildFile; fileRef = OBJ_22 /* TinyKit.framework */; };
/* End PBXBuildFile section */

/* Begin PBXContainerItemProxy section */
		B08D6EDE1F1C7EA500376FBE /* PBXContainerItemProxy */ = {
			isa = PBXContainerItemProxy;
			containerPortal = OBJ_1 /* Project object */;
			proxyType = 1;
			remoteGlobalIDString = OBJ_24;
			remoteInfo = TinyCore;
		};
		B08D6EDF1F1C7EA500376FBE /* PBXContainerItemProxy */ = {
			isa = PBXContainerItemProxy;
			containerPortal = OBJ_1 /* Project object */;
			proxyType = 1;
			remoteGlobalIDString = OBJ_24;
			remoteInfo = TinyCore;
		};
		B08D6EE01F1C7EA500376FBE /* PBXContainerItemProxy */ = {
			isa = PBXContainerItemProxy;
			containerPortal = OBJ_1 /* Project object */;
			proxyType = 1;
			remoteGlobalIDString = OBJ_31;
			remoteInfo = TinyKit;
		};
/* End PBXContainerItemProxy section */

/* Begin PBXFileReference section */
		B08D6EE61F1C826400376FBE /* NibTableViewCell.swift */ = {isa = PBXFileReference; fileEncoding = 4; lastKnownFileType = sourcecode.swift; path = NibTableViewCell.swift; sourceTree = "<group>"; };
		B08D6EE71F1C826400376FBE /* NibTableViewCell.xib */ = {isa = PBXFileReference; fileEncoding = 4; lastKnownFileType = file.xib; path = NibTableViewCell.xib; sourceTree = "<group>"; };
		B08D6EEB1F1C8AAD00376FBE /* UICollectionViewExtensions.swift */ = {isa = PBXFileReference; fileEncoding = 4; lastKnownFileType = sourcecode.swift; path = UICollectionViewExtensions.swift; sourceTree = "<group>"; };
		B08D6EEE1F1C8AD100376FBE /* UICollectionViewExtensionsTests.swift */ = {isa = PBXFileReference; fileEncoding = 4; lastKnownFileType = sourcecode.swift; path = UICollectionViewExtensionsTests.swift; sourceTree = "<group>"; };
		B08D6EF11F1C8BA600376FBE /* NoNibCollectionViewCell.swift */ = {isa = PBXFileReference; fileEncoding = 4; lastKnownFileType = sourcecode.swift; path = NoNibCollectionViewCell.swift; sourceTree = "<group>"; };
		B08D6EF31F1C8FA400376FBE /* NibCollectionViewCell.swift */ = {isa = PBXFileReference; fileEncoding = 4; lastKnownFileType = sourcecode.swift; path = NibCollectionViewCell.swift; sourceTree = "<group>"; };
		B08D6EF41F1C8FA400376FBE /* NibCollectionViewCell.xib */ = {isa = PBXFileReference; fileEncoding = 4; lastKnownFileType = file.xib; path = NibCollectionViewCell.xib; sourceTree = "<group>"; };
		B08D6EFB1F1CA00200376FBE /* UINibExtensions.swift */ = {isa = PBXFileReference; fileEncoding = 4; lastKnownFileType = sourcecode.swift; path = UINibExtensions.swift; sourceTree = "<group>"; };
		B08D6EFD1F1CA01500376FBE /* UINibExtensionsTests.swift */ = {isa = PBXFileReference; fileEncoding = 4; lastKnownFileType = sourcecode.swift; path = UINibExtensionsTests.swift; sourceTree = "<group>"; };
		B08D6F021F1CA29000376FBE /* UIViewExtensions.swift */ = {isa = PBXFileReference; fileEncoding = 4; lastKnownFileType = sourcecode.swift; path = UIViewExtensions.swift; sourceTree = "<group>"; };
		B08D6F041F1CA29D00376FBE /* UIViewExtensionsTests.swift */ = {isa = PBXFileReference; fileEncoding = 4; lastKnownFileType = sourcecode.swift; path = UIViewExtensionsTests.swift; sourceTree = "<group>"; };
		OBJ_10 /* UITableViewExtensions.swift */ = {isa = PBXFileReference; lastKnownFileType = sourcecode.swift; path = UITableViewExtensions.swift; sourceTree = "<group>"; };
		OBJ_14 /* NoNibTableViewCell.swift */ = {isa = PBXFileReference; lastKnownFileType = sourcecode.swift; path = NoNibTableViewCell.swift; sourceTree = "<group>"; };
		OBJ_15 /* UITableViewExtensionsTests.swift */ = {isa = PBXFileReference; lastKnownFileType = sourcecode.swift; path = UITableViewExtensionsTests.swift; sourceTree = "<group>"; };
		OBJ_19 /* Identifiable.swift */ = {isa = PBXFileReference; lastKnownFileType = sourcecode.swift; path = Identifiable.swift; sourceTree = "<group>"; };
		OBJ_21 /* TinyCore.framework */ = {isa = PBXFileReference; explicitFileType = wrapper.framework; path = TinyCore.framework; sourceTree = BUILT_PRODUCTS_DIR; };
		OBJ_22 /* TinyKit.framework */ = {isa = PBXFileReference; explicitFileType = wrapper.framework; path = TinyKit.framework; sourceTree = BUILT_PRODUCTS_DIR; };
		OBJ_23 /* TinyKitTests.xctest */ = {isa = PBXFileReference; lastKnownFileType = file; path = TinyKitTests.xctest; sourceTree = BUILT_PRODUCTS_DIR; };
		OBJ_6 /* Package.swift */ = {isa = PBXFileReference; explicitFileType = sourcecode.swift; path = Package.swift; sourceTree = "<group>"; };
/* End PBXFileReference section */

/* Begin PBXFrameworksBuildPhase section */
		OBJ_30 /* Frameworks */ = {
			isa = PBXFrameworksBuildPhase;
			buildActionMask = 0;
			files = (
			);
			runOnlyForDeploymentPostprocessing = 0;
		};
		OBJ_37 /* Frameworks */ = {
			isa = PBXFrameworksBuildPhase;
			buildActionMask = 0;
			files = (
				OBJ_38 /* TinyCore.framework in Frameworks */,
			);
			runOnlyForDeploymentPostprocessing = 0;
		};
		OBJ_47 /* Frameworks */ = {
			isa = PBXFrameworksBuildPhase;
			buildActionMask = 0;
			files = (
				OBJ_48 /* TinyCore.framework in Frameworks */,
				OBJ_49 /* TinyKit.framework in Frameworks */,
			);
			runOnlyForDeploymentPostprocessing = 0;
		};
/* End PBXFrameworksBuildPhase section */

/* Begin PBXGroup section */
		B08D6EEA1F1C8A9300376FBE /* UICollectionView */ = {
			isa = PBXGroup;
			children = (
				B08D6EEB1F1C8AAD00376FBE /* UICollectionViewExtensions.swift */,
			);
			path = UICollectionView;
			sourceTree = "<group>";
		};
		B08D6EED1F1C8AC300376FBE /* UICollectionView */ = {
			isa = PBXGroup;
			children = (
				B08D6EF11F1C8BA600376FBE /* NoNibCollectionViewCell.swift */,
				B08D6EF31F1C8FA400376FBE /* NibCollectionViewCell.swift */,
				B08D6EF41F1C8FA400376FBE /* NibCollectionViewCell.xib */,
				B08D6EEE1F1C8AD100376FBE /* UICollectionViewExtensionsTests.swift */,
			);
			path = UICollectionView;
			sourceTree = "<group>";
		};
		B08D6EF91F1C9FEA00376FBE /* UINib */ = {
			isa = PBXGroup;
			children = (
				B08D6EFD1F1CA01500376FBE /* UINibExtensionsTests.swift */,
			);
			path = UINib;
			sourceTree = "<group>";
		};
		B08D6EFA1F1C9FF400376FBE /* UINib */ = {
			isa = PBXGroup;
			children = (
				B08D6EFB1F1CA00200376FBE /* UINibExtensions.swift */,
			);
			path = UINib;
			sourceTree = "<group>";
		};
		B08D6F001F1CA26900376FBE /* UIView */ = {
			isa = PBXGroup;
			children = (
				B08D6F021F1CA29000376FBE /* UIViewExtensions.swift */,
			);
			path = UIView;
			sourceTree = "<group>";
		};
		B08D6F011F1CA27200376FBE /* UIView */ = {
			isa = PBXGroup;
			children = (
				B08D6F041F1CA29D00376FBE /* UIViewExtensionsTests.swift */,
			);
			path = UIView;
			sourceTree = "<group>";
		};
		OBJ_11 /* Tests */ = {
			isa = PBXGroup;
			children = (
				OBJ_12 /* TinyKitTests */,
			);
			name = Tests;
			sourceTree = SOURCE_ROOT;
		};
		OBJ_12 /* TinyKitTests */ = {
			isa = PBXGroup;
			children = (
				B08D6EED1F1C8AC300376FBE /* UICollectionView */,
				B08D6EF91F1C9FEA00376FBE /* UINib */,
				B08D6F011F1CA27200376FBE /* UIView */,
				OBJ_13 /* UITableView */,
			);
			name = TinyKitTests;
			path = Tests/TinyKitTests;
			sourceTree = SOURCE_ROOT;
		};
		OBJ_13 /* UITableView */ = {
			isa = PBXGroup;
			children = (
				OBJ_14 /* NoNibTableViewCell.swift */,
				B08D6EE61F1C826400376FBE /* NibTableViewCell.swift */,
				B08D6EE71F1C826400376FBE /* NibTableViewCell.xib */,
				OBJ_15 /* UITableViewExtensionsTests.swift */,
			);
			path = UITableView;
			sourceTree = "<group>";
		};
		OBJ_16 /* Dependencies */ = {
			isa = PBXGroup;
			children = (
				OBJ_17 /* TinyCore 0.1.0-beta.1 */,
			);
			name = Dependencies;
			sourceTree = "<group>";
		};
		OBJ_17 /* TinyCore 0.1.0-beta.1 */ = {
			isa = PBXGroup;
			children = (
				OBJ_18 /* TinyCore */,
			);
			name = "TinyCore 0.1.0-beta.1";
			sourceTree = SOURCE_ROOT;
		};
		OBJ_18 /* TinyCore */ = {
			isa = PBXGroup;
			children = (
				OBJ_19 /* Identifiable.swift */,
			);
			name = TinyCore;
			path = ".build/checkouts/tiny-core.git--1649051741046969385/Sources/TinyCore";
			sourceTree = SOURCE_ROOT;
		};
		OBJ_20 /* Products */ = {
			isa = PBXGroup;
			children = (
				OBJ_21 /* TinyCore.framework */,
				OBJ_22 /* TinyKit.framework */,
				OBJ_23 /* TinyKitTests.xctest */,
			);
			name = Products;
			sourceTree = BUILT_PRODUCTS_DIR;
		};
		OBJ_5 /*  */ = {
			isa = PBXGroup;
			children = (
				OBJ_6 /* Package.swift */,
				OBJ_7 /* Sources */,
				OBJ_11 /* Tests */,
				OBJ_16 /* Dependencies */,
				OBJ_20 /* Products */,
			);
			name = "";
			sourceTree = "<group>";
		};
		OBJ_7 /* Sources */ = {
			isa = PBXGroup;
			children = (
				OBJ_8 /* TinyKit */,
			);
			name = Sources;
			sourceTree = SOURCE_ROOT;
		};
		OBJ_8 /* TinyKit */ = {
			isa = PBXGroup;
			children = (
				B08D6EEA1F1C8A9300376FBE /* UICollectionView */,
				B08D6EFA1F1C9FF400376FBE /* UINib */,
				B08D6F001F1CA26900376FBE /* UIView */,
				OBJ_9 /* UITableView */,
			);
			name = TinyKit;
			path = Sources/TinyKit;
			sourceTree = SOURCE_ROOT;
		};
		OBJ_9 /* UITableView */ = {
			isa = PBXGroup;
			children = (
				OBJ_10 /* UITableViewExtensions.swift */,
			);
			path = UITableView;
			sourceTree = "<group>";
		};
/* End PBXGroup section */

/* Begin PBXNativeTarget section */
		OBJ_24 /* TinyCore */ = {
			isa = PBXNativeTarget;
			buildConfigurationList = OBJ_25 /* Build configuration list for PBXNativeTarget "TinyCore" */;
			buildPhases = (
				OBJ_28 /* Sources */,
				OBJ_30 /* Frameworks */,
			);
			buildRules = (
			);
			dependencies = (
			);
			name = TinyCore;
			productName = TinyCore;
			productReference = OBJ_21 /* TinyCore.framework */;
			productType = "com.apple.product-type.framework";
		};
		OBJ_31 /* TinyKit */ = {
			isa = PBXNativeTarget;
			buildConfigurationList = OBJ_32 /* Build configuration list for PBXNativeTarget "TinyKit" */;
			buildPhases = (
				OBJ_35 /* Sources */,
				OBJ_37 /* Frameworks */,
			);
			buildRules = (
			);
			dependencies = (
				OBJ_39 /* PBXTargetDependency */,
			);
			name = TinyKit;
			productName = TinyKit;
			productReference = OBJ_22 /* TinyKit.framework */;
			productType = "com.apple.product-type.framework";
		};
		OBJ_40 /* TinyKitTests */ = {
			isa = PBXNativeTarget;
			buildConfigurationList = OBJ_41 /* Build configuration list for PBXNativeTarget "TinyKitTests" */;
			buildPhases = (
				OBJ_44 /* Sources */,
				OBJ_47 /* Frameworks */,
				B08D6EF71F1C910500376FBE /* Swiftlint */,
			);
			buildRules = (
			);
			dependencies = (
				OBJ_50 /* PBXTargetDependency */,
				OBJ_51 /* PBXTargetDependency */,
			);
			name = TinyKitTests;
			productName = TinyKitTests;
			productReference = OBJ_23 /* TinyKitTests.xctest */;
			productType = "com.apple.product-type.bundle.unit-test";
		};
/* End PBXNativeTarget section */

/* Begin PBXProject section */
		OBJ_1 /* Project object */ = {
			isa = PBXProject;
			attributes = {
				LastUpgradeCheck = 9999;
			};
			buildConfigurationList = OBJ_2 /* Build configuration list for PBXProject "TinyKit" */;
			compatibilityVersion = "Xcode 3.2";
			developmentRegion = English;
			hasScannedForEncodings = 0;
			knownRegions = (
				en,
			);
			mainGroup = OBJ_5 /*  */;
			productRefGroup = OBJ_20 /* Products */;
			projectDirPath = "";
			projectRoot = "";
			targets = (
				OBJ_24 /* TinyCore */,
				OBJ_31 /* TinyKit */,
				OBJ_40 /* TinyKitTests */,
			);
		};
/* End PBXProject section */

/* Begin PBXShellScriptBuildPhase section */
		B08D6EF71F1C910500376FBE /* Swiftlint */ = {
			isa = PBXShellScriptBuildPhase;
			buildActionMask = 2147483647;
			files = (
			);
			inputPaths = (
			);
			name = Swiftlint;
			outputPaths = (
			);
			runOnlyForDeploymentPostprocessing = 0;
			shellPath = /bin/sh;
			shellScript = "if which swiftlint >/dev/null; then\n    swiftlint\nelse\n    echo \"warning: SwiftLint not installed, download from https://github.com/realm/SwiftLint\"\nfi";
		};
/* End PBXShellScriptBuildPhase section */

/* Begin PBXSourcesBuildPhase section */
		OBJ_28 /* Sources */ = {
			isa = PBXSourcesBuildPhase;
			buildActionMask = 0;
			files = (
				OBJ_29 /* Identifiable.swift in Sources */,
			);
			runOnlyForDeploymentPostprocessing = 0;
		};
		OBJ_35 /* Sources */ = {
			isa = PBXSourcesBuildPhase;
			buildActionMask = 0;
			files = (
				B08D6EFF1F1CA01C00376FBE /* UINibExtensions.swift in Sources */,
				B08D6EF01F1C8AD900376FBE /* UICollectionViewExtensions.swift in Sources */,
				B08D6F031F1CA29000376FBE /* UIViewExtensions.swift in Sources */,
				OBJ_36 /* UITableViewExtensions.swift in Sources */,
			);
			runOnlyForDeploymentPostprocessing = 0;
		};
		OBJ_44 /* Sources */ = {
			isa = PBXSourcesBuildPhase;
			buildActionMask = 0;
			files = (
				B08D6EF61F1C8FD000376FBE /* NibCollectionViewCell.xib in Sources */,
				B08D6EEF1F1C8AD100376FBE /* UICollectionViewExtensionsTests.swift in Sources */,
				B08D6EE91F1C843200376FBE /* NibTableViewCell.xib in Sources */,
				OBJ_45 /* NoNibTableViewCell.swift in Sources */,
				B08D6EE81F1C826400376FBE /* NibTableViewCell.swift in Sources */,
				B08D6EFE1F1CA01500376FBE /* UINibExtensionsTests.swift in Sources */,
				B08D6EF51F1C8FA400376FBE /* NibCollectionViewCell.swift in Sources */,
				OBJ_46 /* UITableViewExtensionsTests.swift in Sources */,
				B08D6F051F1CA29D00376FBE /* UIViewExtensionsTests.swift in Sources */,
				B08D6EF21F1C8BA600376FBE /* NoNibCollectionViewCell.swift in Sources */,
			);
			runOnlyForDeploymentPostprocessing = 0;
		};
/* End PBXSourcesBuildPhase section */

/* Begin PBXTargetDependency section */
		OBJ_39 /* PBXTargetDependency */ = {
			isa = PBXTargetDependency;
			target = OBJ_24 /* TinyCore */;
			targetProxy = B08D6EDE1F1C7EA500376FBE /* PBXContainerItemProxy */;
		};
		OBJ_50 /* PBXTargetDependency */ = {
			isa = PBXTargetDependency;
			target = OBJ_24 /* TinyCore */;
			targetProxy = B08D6EDF1F1C7EA500376FBE /* PBXContainerItemProxy */;
		};
		OBJ_51 /* PBXTargetDependency */ = {
			isa = PBXTargetDependency;
			target = OBJ_31 /* TinyKit */;
			targetProxy = B08D6EE01F1C7EA500376FBE /* PBXContainerItemProxy */;
		};
/* End PBXTargetDependency section */

/* Begin XCBuildConfiguration section */
		OBJ_26 /* Debug */ = {
			isa = XCBuildConfiguration;
			buildSettings = {
				ENABLE_TESTABILITY = YES;
				FRAMEWORK_SEARCH_PATHS = (
					"$(inherited)",
					"$(PLATFORM_DIR)/Developer/Library/Frameworks",
				);
				HEADER_SEARCH_PATHS = "$(inherited)";
				INFOPLIST_FILE = TinyKit.xcodeproj/TinyCore_Info.plist;
				LD_RUNPATH_SEARCH_PATHS = "$(TOOLCHAIN_DIR)/usr/lib/swift/macosx";
				OTHER_LDFLAGS = "$(inherited)";
				OTHER_SWIFT_FLAGS = "$(inherited)";
				PRODUCT_BUNDLE_IDENTIFIER = TinyCore;
				PRODUCT_MODULE_NAME = "$(TARGET_NAME:c99extidentifier)";
				PRODUCT_NAME = "$(TARGET_NAME:c99extidentifier)";
				SKIP_INSTALL = YES;
				TARGET_NAME = TinyCore;
			};
			name = Debug;
		};
		OBJ_27 /* Release */ = {
			isa = XCBuildConfiguration;
			buildSettings = {
				ENABLE_TESTABILITY = YES;
				FRAMEWORK_SEARCH_PATHS = (
					"$(inherited)",
					"$(PLATFORM_DIR)/Developer/Library/Frameworks",
				);
				HEADER_SEARCH_PATHS = "$(inherited)";
				INFOPLIST_FILE = TinyKit.xcodeproj/TinyCore_Info.plist;
				LD_RUNPATH_SEARCH_PATHS = "$(TOOLCHAIN_DIR)/usr/lib/swift/macosx";
				OTHER_LDFLAGS = "$(inherited)";
				OTHER_SWIFT_FLAGS = "$(inherited)";
				PRODUCT_BUNDLE_IDENTIFIER = TinyCore;
				PRODUCT_MODULE_NAME = "$(TARGET_NAME:c99extidentifier)";
				PRODUCT_NAME = "$(TARGET_NAME:c99extidentifier)";
				SKIP_INSTALL = YES;
				TARGET_NAME = TinyCore;
			};
			name = Release;
		};
		OBJ_3 /* Debug */ = {
			isa = XCBuildConfiguration;
			buildSettings = {
				CLANG_ENABLE_OBJC_ARC = YES;
				COMBINE_HIDPI_IMAGES = YES;
				COPY_PHASE_STRIP = NO;
				DEBUG_INFORMATION_FORMAT = dwarf;
				DYLIB_INSTALL_NAME_BASE = "@rpath";
				ENABLE_NS_ASSERTIONS = YES;
				GCC_OPTIMIZATION_LEVEL = 0;
				MACOSX_DEPLOYMENT_TARGET = 10.10;
				ONLY_ACTIVE_ARCH = YES;
				OTHER_SWIFT_FLAGS = "-DXcode";
				PRODUCT_NAME = "$(TARGET_NAME)";
				SDKROOT = macosx;
				SUPPORTED_PLATFORMS = "macosx iphoneos iphonesimulator appletvos appletvsimulator watchos watchsimulator";
				SWIFT_ACTIVE_COMPILATION_CONDITIONS = SWIFT_PACKAGE;
				SWIFT_OPTIMIZATION_LEVEL = "-Onone";
				SWIFT_VERSION = 3.0;
				USE_HEADERMAP = NO;
			};
			name = Debug;
		};
		OBJ_33 /* Debug */ = {
			isa = XCBuildConfiguration;
			buildSettings = {
				ENABLE_TESTABILITY = YES;
				FRAMEWORK_SEARCH_PATHS = (
					"$(inherited)",
					"$(PLATFORM_DIR)/Developer/Library/Frameworks",
				);
				HEADER_SEARCH_PATHS = "$(inherited)";
				INFOPLIST_FILE = TinyKit.xcodeproj/TinyKit_Info.plist;
				LD_RUNPATH_SEARCH_PATHS = "$(TOOLCHAIN_DIR)/usr/lib/swift/macosx";
				OTHER_LDFLAGS = "$(inherited)";
				OTHER_SWIFT_FLAGS = "$(inherited)";
				PRODUCT_BUNDLE_IDENTIFIER = TinyKit;
				PRODUCT_MODULE_NAME = "$(TARGET_NAME:c99extidentifier)";
				PRODUCT_NAME = "$(TARGET_NAME:c99extidentifier)";
				SKIP_INSTALL = YES;
				TARGET_NAME = TinyKit;
			};
			name = Debug;
		};
		OBJ_34 /* Release */ = {
			isa = XCBuildConfiguration;
			buildSettings = {
				ENABLE_TESTABILITY = YES;
				FRAMEWORK_SEARCH_PATHS = (
					"$(inherited)",
					"$(PLATFORM_DIR)/Developer/Library/Frameworks",
				);
				HEADER_SEARCH_PATHS = "$(inherited)";
				INFOPLIST_FILE = TinyKit.xcodeproj/TinyKit_Info.plist;
				LD_RUNPATH_SEARCH_PATHS = "$(TOOLCHAIN_DIR)/usr/lib/swift/macosx";
				OTHER_LDFLAGS = "$(inherited)";
				OTHER_SWIFT_FLAGS = "$(inherited)";
				PRODUCT_BUNDLE_IDENTIFIER = TinyKit;
				PRODUCT_MODULE_NAME = "$(TARGET_NAME:c99extidentifier)";
				PRODUCT_NAME = "$(TARGET_NAME:c99extidentifier)";
				SKIP_INSTALL = YES;
				TARGET_NAME = TinyKit;
			};
			name = Release;
		};
		OBJ_4 /* Release */ = {
			isa = XCBuildConfiguration;
			buildSettings = {
				CLANG_ENABLE_OBJC_ARC = YES;
				COMBINE_HIDPI_IMAGES = YES;
				COPY_PHASE_STRIP = YES;
				DEBUG_INFORMATION_FORMAT = "dwarf-with-dsym";
				DYLIB_INSTALL_NAME_BASE = "@rpath";
				GCC_OPTIMIZATION_LEVEL = s;
				MACOSX_DEPLOYMENT_TARGET = 10.10;
				OTHER_SWIFT_FLAGS = "-DXcode";
				PRODUCT_NAME = "$(TARGET_NAME)";
				SDKROOT = macosx;
				SUPPORTED_PLATFORMS = "macosx iphoneos iphonesimulator appletvos appletvsimulator watchos watchsimulator";
				SWIFT_ACTIVE_COMPILATION_CONDITIONS = SWIFT_PACKAGE;
				SWIFT_OPTIMIZATION_LEVEL = "-Owholemodule";
				SWIFT_VERSION = 3.0;
				USE_HEADERMAP = NO;
			};
			name = Release;
		};
		OBJ_42 /* Debug */ = {
			isa = XCBuildConfiguration;
			buildSettings = {
				EMBEDDED_CONTENT_CONTAINS_SWIFT = YES;
				FRAMEWORK_SEARCH_PATHS = (
					"$(inherited)",
					"$(PLATFORM_DIR)/Developer/Library/Frameworks",
				);
				HEADER_SEARCH_PATHS = "$(inherited)";
				INFOPLIST_FILE = TinyKit.xcodeproj/TinyKitTests_Info.plist;
				LD_RUNPATH_SEARCH_PATHS = "@loader_path/../Frameworks @loader_path/Frameworks";
				OTHER_LDFLAGS = "$(inherited)";
				OTHER_SWIFT_FLAGS = "$(inherited)";
				TARGET_NAME = TinyKitTests;
			};
			name = Debug;
		};
		OBJ_43 /* Release */ = {
			isa = XCBuildConfiguration;
			buildSettings = {
				EMBEDDED_CONTENT_CONTAINS_SWIFT = YES;
				FRAMEWORK_SEARCH_PATHS = (
					"$(inherited)",
					"$(PLATFORM_DIR)/Developer/Library/Frameworks",
				);
				HEADER_SEARCH_PATHS = "$(inherited)";
				INFOPLIST_FILE = TinyKit.xcodeproj/TinyKitTests_Info.plist;
				LD_RUNPATH_SEARCH_PATHS = "@loader_path/../Frameworks @loader_path/Frameworks";
				OTHER_LDFLAGS = "$(inherited)";
				OTHER_SWIFT_FLAGS = "$(inherited)";
				TARGET_NAME = TinyKitTests;
			};
			name = Release;
		};
/* End XCBuildConfiguration section */

/* Begin XCConfigurationList section */
		OBJ_2 /* Build configuration list for PBXProject "TinyKit" */ = {
			isa = XCConfigurationList;
			buildConfigurations = (
				OBJ_3 /* Debug */,
				OBJ_4 /* Release */,
			);
			defaultConfigurationIsVisible = 0;
			defaultConfigurationName = Debug;
		};
		OBJ_25 /* Build configuration list for PBXNativeTarget "TinyCore" */ = {
			isa = XCConfigurationList;
			buildConfigurations = (
				OBJ_26 /* Debug */,
				OBJ_27 /* Release */,
			);
			defaultConfigurationIsVisible = 0;
			defaultConfigurationName = Debug;
		};
		OBJ_32 /* Build configuration list for PBXNativeTarget "TinyKit" */ = {
			isa = XCConfigurationList;
			buildConfigurations = (
				OBJ_33 /* Debug */,
				OBJ_34 /* Release */,
			);
			defaultConfigurationIsVisible = 0;
			defaultConfigurationName = Debug;
		};
		OBJ_41 /* Build configuration list for PBXNativeTarget "TinyKitTests" */ = {
			isa = XCConfigurationList;
			buildConfigurations = (
				OBJ_42 /* Debug */,
				OBJ_43 /* Release */,
			);
			defaultConfigurationIsVisible = 0;
			defaultConfigurationName = Debug;
		};
/* End XCConfigurationList section */
	};
	rootObject = OBJ_1 /* Project object */;
}
