// !$*UTF8*$!
{
	archiveVersion = 1;
	classes = {
	};
	objectVersion = 46;
	objects = {

/* Begin PBXBuildFile section */
		B02449E5201D9B4700D20C50 /* View.swift in Sources */ = {isa = PBXBuildFile; fileRef = B02449E4201D9B4700D20C50 /* View.swift */; };
		B02449E9201DAE8700D20C50 /* ListComponent.swift in Sources */ = {isa = PBXBuildFile; fileRef = B02449E8201DAE8700D20C50 /* ListComponent.swift */; };
		B02449EC201DAE9C00D20C50 /* ListComponentTests.swift in Sources */ = {isa = PBXBuildFile; fileRef = B02449EA201DAE9600D20C50 /* ListComponentTests.swift */; };
		B02449EE201DB37500D20C50 /* ListTableViewController.swift in Sources */ = {isa = PBXBuildFile; fileRef = B02449ED201DB37500D20C50 /* ListTableViewController.swift */; };
		B053407D2019A7F8002FFD5B /* ItemComponent.swift in Sources */ = {isa = PBXBuildFile; fileRef = B053407C2019A7F8002FFD5B /* ItemComponent.swift */; };
		B05340832019A93E002FFD5B /* ItemComponentTests.swift in Sources */ = {isa = PBXBuildFile; fileRef = B05340822019A93E002FFD5B /* ItemComponentTests.swift */; };
		B053408A2019AD05002FFD5B /* Color.swift in Sources */ = {isa = PBXBuildFile; fileRef = B05340882019ACF1002FFD5B /* Color.swift */; };
		B05D4EFE1F1E0AF100929006 /* UICollectionView+Cell.swift in Sources */ = {isa = PBXBuildFile; fileRef = B05D4EF31F1E0AF100929006 /* UICollectionView+Cell.swift */; };
		B05D4F001F1E0AF100929006 /* UITableView+Cell.swift in Sources */ = {isa = PBXBuildFile; fileRef = B05D4EF71F1E0AF100929006 /* UITableView+Cell.swift */; };
		B05D4F021F1E0AF100929006 /* UIView+UINib.swift in Sources */ = {isa = PBXBuildFile; fileRef = B05D4EFB1F1E0AF100929006 /* UIView+UINib.swift */; };
		B05D4F291F1E0C1500929006 /* NibCollectionViewCell.xib in Resources */ = {isa = PBXBuildFile; fileRef = B05D4F081F1E0AF700929006 /* NibCollectionViewCell.xib */; };
		B05D4F2A1F1E0C1500929006 /* NibTableViewCell.xib in Resources */ = {isa = PBXBuildFile; fileRef = B05D4F0F1F1E0AF700929006 /* NibTableViewCell.xib */; };
		B05D4F4F1F1E0C7800929006 /* NibCollectionViewCell.swift in Sources */ = {isa = PBXBuildFile; fileRef = B05D4F071F1E0AF700929006 /* NibCollectionViewCell.swift */; };
		B05D4F501F1E0C7B00929006 /* NoNibCollectionViewCell.swift in Sources */ = {isa = PBXBuildFile; fileRef = B05D4F091F1E0AF700929006 /* NoNibCollectionViewCell.swift */; };
		B05D4F511F1E0C8200929006 /* UICollectionViewExtensionsTests.swift in Sources */ = {isa = PBXBuildFile; fileRef = B05D4F0A1F1E0AF700929006 /* UICollectionViewExtensionsTests.swift */; };
		B05D4F531F1E0C9300929006 /* NibTableViewCell.swift in Sources */ = {isa = PBXBuildFile; fileRef = B05D4F0E1F1E0AF700929006 /* NibTableViewCell.swift */; };
		B05D4F541F1E0C9700929006 /* NoNibTableViewCell.swift in Sources */ = {isa = PBXBuildFile; fileRef = B05D4F101F1E0AF700929006 /* NoNibTableViewCell.swift */; };
		B05D4F551F1E0C9A00929006 /* UITableViewExtensionsTests.swift in Sources */ = {isa = PBXBuildFile; fileRef = B05D4F111F1E0AF700929006 /* UITableViewExtensionsTests.swift */; };
		B05D4F591F1E0CA100929006 /* UIViewExtensionsTests.swift in Sources */ = {isa = PBXBuildFile; fileRef = B05D4F171F1E0AF700929006 /* UIViewExtensionsTests.swift */; };
		B0A0B047202C53C1003FC1E1 /* Info.plist in Resources */ = {isa = PBXBuildFile; fileRef = B0A0B043202C53B1003FC1E1 /* Info.plist */; };
		B0A0B049202C5478003FC1E1 /* TinyKit.h in Headers */ = {isa = PBXBuildFile; fileRef = B0A0B044202C53B1003FC1E1 /* TinyKit.h */; settings = {ATTRIBUTES = (Public, ); }; };
		B0A9DEA02018806200AEF782 /* Node.swift in Sources */ = {isa = PBXBuildFile; fileRef = B0A9DE9F2018806200AEF782 /* Node.swift */; };
		B0A9DEA22018809200AEF782 /* AnyNode.swift in Sources */ = {isa = PBXBuildFile; fileRef = B0A9DEA12018809200AEF782 /* AnyNode.swift */; };
		B0A9DEA4201880FB00AEF782 /* ComponentNode.swift in Sources */ = {isa = PBXBuildFile; fileRef = B0A9DEA3201880FB00AEF782 /* ComponentNode.swift */; };
		B0A9DEA72018821100AEF782 /* ComponentNodeTests.swift in Sources */ = {isa = PBXBuildFile; fileRef = B0A9DEA62018821100AEF782 /* ComponentNodeTests.swift */; };
		B0A9DEAB2018849D00AEF782 /* ViewRenderable.swift in Sources */ = {isa = PBXBuildFile; fileRef = B0A9DEA92018849000AEF782 /* ViewRenderable.swift */; };
		B0A9DEAD2018857D00AEF782 /* ViewRender.swift in Sources */ = {isa = PBXBuildFile; fileRef = B0A9DEAC2018857D00AEF782 /* ViewRender.swift */; };
		B0A9DEB1201885DE00AEF782 /* Component.swift in Sources */ = {isa = PBXBuildFile; fileRef = B0A9DEB0201885DE00AEF782 /* Component.swift */; };
		B0C17DD3201D7C560063CA45 /* RectangleView.swift in Sources */ = {isa = PBXBuildFile; fileRef = B0C17DD2201D7C560063CA45 /* RectangleView.swift */; };
		B0C6ECA6202C575D00AFEE54 /* TinyCore.framework in Frameworks */ = {isa = PBXBuildFile; fileRef = B0C6ECA5202C575D00AFEE54 /* TinyCore.framework */; };
/* End PBXBuildFile section */

/* Begin PBXContainerItemProxy section */
		B0A0B050202C55ED003FC1E1 /* PBXContainerItemProxy */ = {
			isa = PBXContainerItemProxy;
			containerPortal = B05D4ECC1F1E0A8300929006 /* Project object */;
			proxyType = 1;
			remoteGlobalIDString = B05D4ED41F1E0A8300929006;
			remoteInfo = TinyKit;
		};
/* End PBXContainerItemProxy section */

/* Begin PBXFileReference section */
		B02449E4201D9B4700D20C50 /* View.swift */ = {isa = PBXFileReference; lastKnownFileType = sourcecode.swift; path = View.swift; sourceTree = "<group>"; };
		B02449E8201DAE8700D20C50 /* ListComponent.swift */ = {isa = PBXFileReference; lastKnownFileType = sourcecode.swift; path = ListComponent.swift; sourceTree = "<group>"; };
		B02449EA201DAE9600D20C50 /* ListComponentTests.swift */ = {isa = PBXFileReference; lastKnownFileType = sourcecode.swift; path = ListComponentTests.swift; sourceTree = "<group>"; };
		B02449ED201DB37500D20C50 /* ListTableViewController.swift */ = {isa = PBXFileReference; lastKnownFileType = sourcecode.swift; path = ListTableViewController.swift; sourceTree = "<group>"; };
		B053407C2019A7F8002FFD5B /* ItemComponent.swift */ = {isa = PBXFileReference; lastKnownFileType = sourcecode.swift; path = ItemComponent.swift; sourceTree = "<group>"; };
		B05340822019A93E002FFD5B /* ItemComponentTests.swift */ = {isa = PBXFileReference; lastKnownFileType = sourcecode.swift; path = ItemComponentTests.swift; sourceTree = "<group>"; };
		B05340882019ACF1002FFD5B /* Color.swift */ = {isa = PBXFileReference; lastKnownFileType = sourcecode.swift; path = Color.swift; sourceTree = "<group>"; };
		B05D4EF31F1E0AF100929006 /* UICollectionView+Cell.swift */ = {isa = PBXFileReference; fileEncoding = 4; lastKnownFileType = sourcecode.swift; path = "UICollectionView+Cell.swift"; sourceTree = "<group>"; };
		B05D4EF71F1E0AF100929006 /* UITableView+Cell.swift */ = {isa = PBXFileReference; fileEncoding = 4; lastKnownFileType = sourcecode.swift; path = "UITableView+Cell.swift"; sourceTree = "<group>"; };
		B05D4EFB1F1E0AF100929006 /* UIView+UINib.swift */ = {isa = PBXFileReference; fileEncoding = 4; lastKnownFileType = sourcecode.swift; path = "UIView+UINib.swift"; sourceTree = "<group>"; };
		B05D4F041F1E0AF700929006 /* Info.plist */ = {isa = PBXFileReference; fileEncoding = 4; lastKnownFileType = text.plist.xml; path = Info.plist; sourceTree = "<group>"; };
		B05D4F071F1E0AF700929006 /* NibCollectionViewCell.swift */ = {isa = PBXFileReference; fileEncoding = 4; lastKnownFileType = sourcecode.swift; path = NibCollectionViewCell.swift; sourceTree = "<group>"; };
		B05D4F081F1E0AF700929006 /* NibCollectionViewCell.xib */ = {isa = PBXFileReference; fileEncoding = 4; lastKnownFileType = file.xib; path = NibCollectionViewCell.xib; sourceTree = "<group>"; };
		B05D4F091F1E0AF700929006 /* NoNibCollectionViewCell.swift */ = {isa = PBXFileReference; fileEncoding = 4; lastKnownFileType = sourcecode.swift; path = NoNibCollectionViewCell.swift; sourceTree = "<group>"; };
		B05D4F0A1F1E0AF700929006 /* UICollectionViewExtensionsTests.swift */ = {isa = PBXFileReference; fileEncoding = 4; lastKnownFileType = sourcecode.swift; path = UICollectionViewExtensionsTests.swift; sourceTree = "<group>"; };
		B05D4F0E1F1E0AF700929006 /* NibTableViewCell.swift */ = {isa = PBXFileReference; fileEncoding = 4; lastKnownFileType = sourcecode.swift; path = NibTableViewCell.swift; sourceTree = "<group>"; };
		B05D4F0F1F1E0AF700929006 /* NibTableViewCell.xib */ = {isa = PBXFileReference; fileEncoding = 4; lastKnownFileType = file.xib; path = NibTableViewCell.xib; sourceTree = "<group>"; };
		B05D4F101F1E0AF700929006 /* NoNibTableViewCell.swift */ = {isa = PBXFileReference; fileEncoding = 4; lastKnownFileType = sourcecode.swift; path = NoNibTableViewCell.swift; sourceTree = "<group>"; };
		B05D4F111F1E0AF700929006 /* UITableViewExtensionsTests.swift */ = {isa = PBXFileReference; fileEncoding = 4; lastKnownFileType = sourcecode.swift; path = UITableViewExtensionsTests.swift; sourceTree = "<group>"; };
		B05D4F171F1E0AF700929006 /* UIViewExtensionsTests.swift */ = {isa = PBXFileReference; fileEncoding = 4; lastKnownFileType = sourcecode.swift; path = UIViewExtensionsTests.swift; sourceTree = "<group>"; };
		B0A0B043202C53B1003FC1E1 /* Info.plist */ = {isa = PBXFileReference; fileEncoding = 4; lastKnownFileType = text.plist.xml; path = Info.plist; sourceTree = "<group>"; };
		B0A0B044202C53B1003FC1E1 /* TinyKit.h */ = {isa = PBXFileReference; fileEncoding = 4; lastKnownFileType = sourcecode.c.h; path = TinyKit.h; sourceTree = "<group>"; };
		B0A9DE9F2018806200AEF782 /* Node.swift */ = {isa = PBXFileReference; lastKnownFileType = sourcecode.swift; path = Node.swift; sourceTree = "<group>"; };
		B0A9DEA12018809200AEF782 /* AnyNode.swift */ = {isa = PBXFileReference; lastKnownFileType = sourcecode.swift; path = AnyNode.swift; sourceTree = "<group>"; };
		B0A9DEA3201880FB00AEF782 /* ComponentNode.swift */ = {isa = PBXFileReference; lastKnownFileType = sourcecode.swift; path = ComponentNode.swift; sourceTree = "<group>"; };
		B0A9DEA62018821100AEF782 /* ComponentNodeTests.swift */ = {isa = PBXFileReference; lastKnownFileType = sourcecode.swift; path = ComponentNodeTests.swift; sourceTree = "<group>"; };
		B0A9DEA92018849000AEF782 /* ViewRenderable.swift */ = {isa = PBXFileReference; lastKnownFileType = sourcecode.swift; path = ViewRenderable.swift; sourceTree = "<group>"; };
		B0A9DEAC2018857D00AEF782 /* ViewRender.swift */ = {isa = PBXFileReference; lastKnownFileType = sourcecode.swift; path = ViewRender.swift; sourceTree = "<group>"; };
		B0A9DEB0201885DE00AEF782 /* Component.swift */ = {isa = PBXFileReference; lastKnownFileType = sourcecode.swift; path = Component.swift; sourceTree = "<group>"; };
		B0C17DD2201D7C560063CA45 /* RectangleView.swift */ = {isa = PBXFileReference; lastKnownFileType = sourcecode.swift; path = RectangleView.swift; sourceTree = "<group>"; };
		B0C6ECA2202C570F00AFEE54 /* TinyKit.framework */ = {isa = PBXFileReference; explicitFileType = wrapper.framework; includeInIndex = 0; name = TinyKit.framework; path = "/Users/roy/Developer/swift/tiny-kit/build/Debug-iphoneos/TinyKit.framework"; sourceTree = "<absolute>"; };
		B0C6ECA3202C570F00AFEE54 /* TinyKitTests.xctest */ = {isa = PBXFileReference; explicitFileType = wrapper.cfbundle; includeInIndex = 0; name = TinyKitTests.xctest; path = "/Users/roy/Developer/swift/tiny-kit/build/Debug-iphoneos/TinyKitTests.xctest"; sourceTree = "<absolute>"; };
		B0C6ECA5202C575D00AFEE54 /* TinyCore.framework */ = {isa = PBXFileReference; lastKnownFileType = wrapper.framework; name = TinyCore.framework; path = Carthage/Build/iOS/TinyCore.framework; sourceTree = "<group>"; };
/* End PBXFileReference section */

/* Begin PBXFrameworksBuildPhase section */
		B05D4ED11F1E0A8300929006 /* Frameworks */ = {
			isa = PBXFrameworksBuildPhase;
			buildActionMask = 2147483647;
			files = (
				B0C6ECA6202C575D00AFEE54 /* TinyCore.framework in Frameworks */,
			);
			runOnlyForDeploymentPostprocessing = 0;
		};
		B05D4EDB1F1E0A8300929006 /* Frameworks */ = {
			isa = PBXFrameworksBuildPhase;
			buildActionMask = 2147483647;
			files = (
			);
			runOnlyForDeploymentPostprocessing = 0;
		};
/* End PBXFrameworksBuildPhase section */

/* Begin PBXGroup section */
		B05D4ECB1F1E0A8300929006 = {
			isa = PBXGroup;
			children = (
				B05D4EEF1F1E0AF100929006 /* Sources */,
				B05D4F031F1E0AF700929006 /* Tests */,
				B0C6ECA4202C575D00AFEE54 /* Frameworks */,
			);
			sourceTree = "<group>";
		};
		B05D4EEF1F1E0AF100929006 /* Sources */ = {
			isa = PBXGroup;
			children = (
				B0A9DEAF201885B500AEF782 /* Component */,
				B0A9DE9E2018803700AEF782 /* Node */,
				B05D4EF21F1E0AF100929006 /* UICollectionView */,
				B05D4EF61F1E0AF100929006 /* UITableView */,
				B05D4EFA1F1E0AF100929006 /* UIView */,
				B0A9DEA82018844800AEF782 /* View */,
				B0A0B043202C53B1003FC1E1 /* Info.plist */,
				B0A0B044202C53B1003FC1E1 /* TinyKit.h */,
			);
			path = Sources;
			sourceTree = "<group>";
		};
		B05D4EF21F1E0AF100929006 /* UICollectionView */ = {
			isa = PBXGroup;
			children = (
				B05D4EF31F1E0AF100929006 /* UICollectionView+Cell.swift */,
			);
			path = UICollectionView;
			sourceTree = "<group>";
		};
		B05D4EF61F1E0AF100929006 /* UITableView */ = {
			isa = PBXGroup;
			children = (
				B05D4EF71F1E0AF100929006 /* UITableView+Cell.swift */,
			);
			path = UITableView;
			sourceTree = "<group>";
		};
		B05D4EFA1F1E0AF100929006 /* UIView */ = {
			isa = PBXGroup;
			children = (
				B05D4EFB1F1E0AF100929006 /* UIView+UINib.swift */,
			);
			path = UIView;
			sourceTree = "<group>";
		};
		B05D4F031F1E0AF700929006 /* Tests */ = {
			isa = PBXGroup;
			children = (
				B0A9DEAE2018859000AEF782 /* Component */,
				B0A9DEA5201881F900AEF782 /* Node */,
				B05D4F281F1E0B0E00929006 /* Supporting Files */,
				B05D4F061F1E0AF700929006 /* UICollectionView */,
				B05D4F0D1F1E0AF700929006 /* UITableView */,
				B05D4F161F1E0AF700929006 /* UIView */,
			);
			path = Tests;
			sourceTree = "<group>";
		};
		B05D4F061F1E0AF700929006 /* UICollectionView */ = {
			isa = PBXGroup;
			children = (
				B05D4F071F1E0AF700929006 /* NibCollectionViewCell.swift */,
				B05D4F081F1E0AF700929006 /* NibCollectionViewCell.xib */,
				B05D4F091F1E0AF700929006 /* NoNibCollectionViewCell.swift */,
				B05D4F0A1F1E0AF700929006 /* UICollectionViewExtensionsTests.swift */,
			);
			path = UICollectionView;
			sourceTree = "<group>";
		};
		B05D4F0D1F1E0AF700929006 /* UITableView */ = {
			isa = PBXGroup;
			children = (
				B05D4F0E1F1E0AF700929006 /* NibTableViewCell.swift */,
				B05D4F0F1F1E0AF700929006 /* NibTableViewCell.xib */,
				B05D4F101F1E0AF700929006 /* NoNibTableViewCell.swift */,
				B05D4F111F1E0AF700929006 /* UITableViewExtensionsTests.swift */,
			);
			path = UITableView;
			sourceTree = "<group>";
		};
		B05D4F161F1E0AF700929006 /* UIView */ = {
			isa = PBXGroup;
			children = (
				B05D4F171F1E0AF700929006 /* UIViewExtensionsTests.swift */,
			);
			path = UIView;
			sourceTree = "<group>";
		};
		B05D4F281F1E0B0E00929006 /* Supporting Files */ = {
			isa = PBXGroup;
			children = (
				B05D4F041F1E0AF700929006 /* Info.plist */,
			);
			name = "Supporting Files";
			sourceTree = "<group>";
		};
		B0A9DE9E2018803700AEF782 /* Node */ = {
			isa = PBXGroup;
			children = (
				B0A9DE9F2018806200AEF782 /* Node.swift */,
				B0A9DEA12018809200AEF782 /* AnyNode.swift */,
				B0A9DEA3201880FB00AEF782 /* ComponentNode.swift */,
			);
			path = Node;
			sourceTree = "<group>";
		};
		B0A9DEA5201881F900AEF782 /* Node */ = {
			isa = PBXGroup;
			children = (
				B0A9DEA62018821100AEF782 /* ComponentNodeTests.swift */,
			);
			path = Node;
			sourceTree = "<group>";
		};
		B0A9DEA82018844800AEF782 /* View */ = {
			isa = PBXGroup;
			children = (
				B0A9DEA92018849000AEF782 /* ViewRenderable.swift */,
				B0A9DEAC2018857D00AEF782 /* ViewRender.swift */,
				B02449E4201D9B4700D20C50 /* View.swift */,
			);
			path = View;
			sourceTree = "<group>";
		};
		B0A9DEAE2018859000AEF782 /* Component */ = {
			isa = PBXGroup;
			children = (
				B0C17DD2201D7C560063CA45 /* RectangleView.swift */,
				B05340882019ACF1002FFD5B /* Color.swift */,
				B05340822019A93E002FFD5B /* ItemComponentTests.swift */,
				B02449EA201DAE9600D20C50 /* ListComponentTests.swift */,
			);
			path = Component;
			sourceTree = "<group>";
		};
		B0A9DEAF201885B500AEF782 /* Component */ = {
			isa = PBXGroup;
			children = (
				B0A9DEB0201885DE00AEF782 /* Component.swift */,
				B053407C2019A7F8002FFD5B /* ItemComponent.swift */,
				B02449E8201DAE8700D20C50 /* ListComponent.swift */,
				B02449ED201DB37500D20C50 /* ListTableViewController.swift */,
			);
			path = Component;
			sourceTree = "<group>";
		};
		B0C6ECA4202C575D00AFEE54 /* Frameworks */ = {
			isa = PBXGroup;
			children = (
				B0C6ECA5202C575D00AFEE54 /* TinyCore.framework */,
			);
			name = Frameworks;
			sourceTree = "<group>";
		};
/* End PBXGroup section */

/* Begin PBXHeadersBuildPhase section */
		B05D4ED21F1E0A8300929006 /* Headers */ = {
			isa = PBXHeadersBuildPhase;
			buildActionMask = 2147483647;
			files = (
				B0A0B049202C5478003FC1E1 /* TinyKit.h in Headers */,
			);
			runOnlyForDeploymentPostprocessing = 0;
		};
/* End PBXHeadersBuildPhase section */

/* Begin PBXNativeTarget section */
		B05D4ED41F1E0A8300929006 /* TinyKit */ = {
			isa = PBXNativeTarget;
			buildConfigurationList = B05D4EE91F1E0A8300929006 /* Build configuration list for PBXNativeTarget "TinyKit" */;
			buildPhases = (
				B05D4ED01F1E0A8300929006 /* Sources */,
				B05D4ED11F1E0A8300929006 /* Frameworks */,
				B05D4ED21F1E0A8300929006 /* Headers */,
				B05D4ED31F1E0A8300929006 /* Resources */,
				B05D4FCF1F1E57DB00929006 /* Swiftlint */,
				B0E24D91202C24540034E539 /* Carthage */,
			);
			buildRules = (
			);
			dependencies = (
			);
			name = TinyKit;
			productName = TinyKit;
			productReference = B0C6ECA2202C570F00AFEE54 /* TinyKit.framework */;
			productType = "com.apple.product-type.framework";
		};
		B05D4EDD1F1E0A8300929006 /* TinyKitTests */ = {
			isa = PBXNativeTarget;
			buildConfigurationList = B05D4EEC1F1E0A8300929006 /* Build configuration list for PBXNativeTarget "TinyKitTests" */;
			buildPhases = (
				B05D4EDA1F1E0A8300929006 /* Sources */,
				B05D4EDB1F1E0A8300929006 /* Frameworks */,
				B05D4EDC1F1E0A8300929006 /* Resources */,
			);
			buildRules = (
			);
			dependencies = (
				B0A0B051202C55ED003FC1E1 /* PBXTargetDependency */,
			);
			name = TinyKitTests;
			productName = TinyKitTests;
			productReference = B0C6ECA3202C570F00AFEE54 /* TinyKitTests.xctest */;
			productType = "com.apple.product-type.bundle.unit-test";
		};
/* End PBXNativeTarget section */

/* Begin PBXProject section */
		B05D4ECC1F1E0A8300929006 /* Project object */ = {
			isa = PBXProject;
			attributes = {
				LastSwiftUpdateCheck = 0830;
				LastUpgradeCheck = 0900;
				ORGANIZATIONNAME = TinyWorld;
				TargetAttributes = {
					B05D4ED41F1E0A8300929006 = {
						CreatedOnToolsVersion = 8.3.3;
						DevelopmentTeam = 5CE6946X84;
						LastSwiftMigration = "";
						ProvisioningStyle = Automatic;
					};
					B05D4EDD1F1E0A8300929006 = {
						CreatedOnToolsVersion = 8.3.3;
						DevelopmentTeam = 5CE6946X84;
						LastSwiftMigration = 0900;
						ProvisioningStyle = Automatic;
					};
				};
			};
			buildConfigurationList = B05D4ECF1F1E0A8300929006 /* Build configuration list for PBXProject "TinyKit" */;
			compatibilityVersion = "Xcode 3.2";
			developmentRegion = English;
			hasScannedForEncodings = 0;
			knownRegions = (
				en,
			);
			mainGroup = B05D4ECB1F1E0A8300929006;
			productRefGroup = B05D4ECB1F1E0A8300929006;
			projectDirPath = "";
			projectRoot = "";
			targets = (
				B05D4ED41F1E0A8300929006 /* TinyKit */,
				B05D4EDD1F1E0A8300929006 /* TinyKitTests */,
			);
		};
/* End PBXProject section */

/* Begin PBXResourcesBuildPhase section */
		B05D4ED31F1E0A8300929006 /* Resources */ = {
			isa = PBXResourcesBuildPhase;
			buildActionMask = 2147483647;
			files = (
				B0A0B047202C53C1003FC1E1 /* Info.plist in Resources */,
			);
			runOnlyForDeploymentPostprocessing = 0;
		};
		B05D4EDC1F1E0A8300929006 /* Resources */ = {
			isa = PBXResourcesBuildPhase;
			buildActionMask = 2147483647;
			files = (
				B05D4F291F1E0C1500929006 /* NibCollectionViewCell.xib in Resources */,
				B05D4F2A1F1E0C1500929006 /* NibTableViewCell.xib in Resources */,
			);
			runOnlyForDeploymentPostprocessing = 0;
		};
/* End PBXResourcesBuildPhase section */

/* Begin PBXShellScriptBuildPhase section */
		B05D4FCF1F1E57DB00929006 /* Swiftlint */ = {
			isa = PBXShellScriptBuildPhase;
			buildActionMask = 2147483647;
			files = (
			);
			inputPaths = (
			);
			name = Swiftlint;
			outputPaths = (
			);
			runOnlyForDeploymentPostprocessing = 0;
			shellPath = /bin/sh;
			shellScript = "#if which swiftlint >/dev/null; then\n#    swiftlint\n#else\n#    echo \"warning: SwiftLint not installed, download from https://github.com/realm/SwiftLint\"\n#fi";
		};
		B0E24D91202C24540034E539 /* Carthage */ = {
			isa = PBXShellScriptBuildPhase;
			buildActionMask = 2147483647;
			files = (
			);
			inputPaths = (
				"$(SRCROOT)/Carthage/Build/iOS/TinyCore.framework",
			);
			name = Carthage;
			outputPaths = (
				"$(BUILT_PRODUCTS_DIR)/$(FRAMEWORKS_FOLDER_PATH)/TinyCore.framework",
			);
			runOnlyForDeploymentPostprocessing = 0;
			shellPath = /bin/sh;
			shellScript = "/usr/local/bin/carthage copy-frameworks";
		};
/* End PBXShellScriptBuildPhase section */

/* Begin PBXSourcesBuildPhase section */
		B05D4ED01F1E0A8300929006 /* Sources */ = {
			isa = PBXSourcesBuildPhase;
			buildActionMask = 2147483647;
			files = (
				B05D4F001F1E0AF100929006 /* UITableView+Cell.swift in Sources */,
				B0A9DEB1201885DE00AEF782 /* Component.swift in Sources */,
				B02449E5201D9B4700D20C50 /* View.swift in Sources */,
				B0A9DEA22018809200AEF782 /* AnyNode.swift in Sources */,
				B05D4F021F1E0AF100929006 /* UIView+UINib.swift in Sources */,
				B02449EE201DB37500D20C50 /* ListTableViewController.swift in Sources */,
				B02449E9201DAE8700D20C50 /* ListComponent.swift in Sources */,
				B0A9DEA4201880FB00AEF782 /* ComponentNode.swift in Sources */,
				B05D4EFE1F1E0AF100929006 /* UICollectionView+Cell.swift in Sources */,
				B053407D2019A7F8002FFD5B /* ItemComponent.swift in Sources */,
				B0A9DEAB2018849D00AEF782 /* ViewRenderable.swift in Sources */,
				B0A9DEAD2018857D00AEF782 /* ViewRender.swift in Sources */,
				B0A9DEA02018806200AEF782 /* Node.swift in Sources */,
			);
			runOnlyForDeploymentPostprocessing = 0;
		};
		B05D4EDA1F1E0A8300929006 /* Sources */ = {
			isa = PBXSourcesBuildPhase;
			buildActionMask = 2147483647;
			files = (
				B05D4F511F1E0C8200929006 /* UICollectionViewExtensionsTests.swift in Sources */,
				B02449EC201DAE9C00D20C50 /* ListComponentTests.swift in Sources */,
				B05D4F551F1E0C9A00929006 /* UITableViewExtensionsTests.swift in Sources */,
				B0C17DD3201D7C560063CA45 /* RectangleView.swift in Sources */,
				B05D4F4F1F1E0C7800929006 /* NibCollectionViewCell.swift in Sources */,
				B05D4F591F1E0CA100929006 /* UIViewExtensionsTests.swift in Sources */,
				B053408A2019AD05002FFD5B /* Color.swift in Sources */,
				B05340832019A93E002FFD5B /* ItemComponentTests.swift in Sources */,
				B05D4F501F1E0C7B00929006 /* NoNibCollectionViewCell.swift in Sources */,
				B05D4F531F1E0C9300929006 /* NibTableViewCell.swift in Sources */,
				B05D4F541F1E0C9700929006 /* NoNibTableViewCell.swift in Sources */,
				B0A9DEA72018821100AEF782 /* ComponentNodeTests.swift in Sources */,
			);
			runOnlyForDeploymentPostprocessing = 0;
		};
/* End PBXSourcesBuildPhase section */

/* Begin PBXTargetDependency section */
		B0A0B051202C55ED003FC1E1 /* PBXTargetDependency */ = {
			isa = PBXTargetDependency;
			target = B05D4ED41F1E0A8300929006 /* TinyKit */;
			targetProxy = B0A0B050202C55ED003FC1E1 /* PBXContainerItemProxy */;
		};
/* End PBXTargetDependency section */

/* Begin XCBuildConfiguration section */
		B05D4EE71F1E0A8300929006 /* Debug */ = {
			isa = XCBuildConfiguration;
			buildSettings = {
				ALWAYS_SEARCH_USER_PATHS = NO;
				CLANG_ANALYZER_NONNULL = YES;
				CLANG_ANALYZER_NUMBER_OBJECT_CONVERSION = YES_AGGRESSIVE;
				CLANG_CXX_LANGUAGE_STANDARD = "gnu++0x";
				CLANG_CXX_LIBRARY = "libc++";
				CLANG_ENABLE_MODULES = YES;
				CLANG_ENABLE_OBJC_ARC = YES;
				CLANG_WARN_BLOCK_CAPTURE_AUTORELEASING = YES;
				CLANG_WARN_BOOL_CONVERSION = YES;
				CLANG_WARN_COMMA = YES;
				CLANG_WARN_CONSTANT_CONVERSION = YES;
				CLANG_WARN_DIRECT_OBJC_ISA_USAGE = YES_ERROR;
				CLANG_WARN_DOCUMENTATION_COMMENTS = YES;
				CLANG_WARN_EMPTY_BODY = YES;
				CLANG_WARN_ENUM_CONVERSION = YES;
				CLANG_WARN_INFINITE_RECURSION = YES;
				CLANG_WARN_INT_CONVERSION = YES;
				CLANG_WARN_NON_LITERAL_NULL_CONVERSION = YES;
				CLANG_WARN_OBJC_LITERAL_CONVERSION = YES;
				CLANG_WARN_OBJC_ROOT_CLASS = YES_ERROR;
				CLANG_WARN_RANGE_LOOP_ANALYSIS = YES;
				CLANG_WARN_STRICT_PROTOTYPES = YES;
				CLANG_WARN_SUSPICIOUS_MOVE = YES;
				CLANG_WARN_UNREACHABLE_CODE = YES;
				CLANG_WARN__DUPLICATE_METHOD_MATCH = YES;
				"CODE_SIGN_IDENTITY[sdk=iphoneos*]" = "iPhone Developer";
				COPY_PHASE_STRIP = NO;
				CURRENT_PROJECT_VERSION = 1;
				DEBUG_INFORMATION_FORMAT = dwarf;
				ENABLE_STRICT_OBJC_MSGSEND = YES;
				ENABLE_TESTABILITY = YES;
				GCC_C_LANGUAGE_STANDARD = gnu99;
				GCC_DYNAMIC_NO_PIC = NO;
				GCC_NO_COMMON_BLOCKS = YES;
				GCC_OPTIMIZATION_LEVEL = 0;
				GCC_PREPROCESSOR_DEFINITIONS = (
					"DEBUG=1",
					"$(inherited)",
				);
				GCC_WARN_64_TO_32_BIT_CONVERSION = YES;
				GCC_WARN_ABOUT_RETURN_TYPE = YES_ERROR;
				GCC_WARN_UNDECLARED_SELECTOR = YES;
				GCC_WARN_UNINITIALIZED_AUTOS = YES_AGGRESSIVE;
				GCC_WARN_UNUSED_FUNCTION = YES;
				GCC_WARN_UNUSED_VARIABLE = YES;
				IPHONEOS_DEPLOYMENT_TARGET = 9.0;
				MTL_ENABLE_DEBUG_INFO = YES;
				ONLY_ACTIVE_ARCH = YES;
				SDKROOT = iphoneos;
				SWIFT_ACTIVE_COMPILATION_CONDITIONS = DEBUG;
				SWIFT_OPTIMIZATION_LEVEL = "-Onone";
				TARGETED_DEVICE_FAMILY = "1,2";
				VERSIONING_SYSTEM = "apple-generic";
				VERSION_INFO_PREFIX = "";
			};
			name = Debug;
		};
		B05D4EE81F1E0A8300929006 /* Release */ = {
			isa = XCBuildConfiguration;
			buildSettings = {
				ALWAYS_SEARCH_USER_PATHS = NO;
				CLANG_ANALYZER_NONNULL = YES;
				CLANG_ANALYZER_NUMBER_OBJECT_CONVERSION = YES_AGGRESSIVE;
				CLANG_CXX_LANGUAGE_STANDARD = "gnu++0x";
				CLANG_CXX_LIBRARY = "libc++";
				CLANG_ENABLE_MODULES = YES;
				CLANG_ENABLE_OBJC_ARC = YES;
				CLANG_WARN_BLOCK_CAPTURE_AUTORELEASING = YES;
				CLANG_WARN_BOOL_CONVERSION = YES;
				CLANG_WARN_COMMA = YES;
				CLANG_WARN_CONSTANT_CONVERSION = YES;
				CLANG_WARN_DIRECT_OBJC_ISA_USAGE = YES_ERROR;
				CLANG_WARN_DOCUMENTATION_COMMENTS = YES;
				CLANG_WARN_EMPTY_BODY = YES;
				CLANG_WARN_ENUM_CONVERSION = YES;
				CLANG_WARN_INFINITE_RECURSION = YES;
				CLANG_WARN_INT_CONVERSION = YES;
				CLANG_WARN_NON_LITERAL_NULL_CONVERSION = YES;
				CLANG_WARN_OBJC_LITERAL_CONVERSION = YES;
				CLANG_WARN_OBJC_ROOT_CLASS = YES_ERROR;
				CLANG_WARN_RANGE_LOOP_ANALYSIS = YES;
				CLANG_WARN_STRICT_PROTOTYPES = YES;
				CLANG_WARN_SUSPICIOUS_MOVE = YES;
				CLANG_WARN_UNREACHABLE_CODE = YES;
				CLANG_WARN__DUPLICATE_METHOD_MATCH = YES;
				"CODE_SIGN_IDENTITY[sdk=iphoneos*]" = "iPhone Developer";
				COPY_PHASE_STRIP = NO;
				CURRENT_PROJECT_VERSION = 1;
				DEBUG_INFORMATION_FORMAT = "dwarf-with-dsym";
				ENABLE_NS_ASSERTIONS = NO;
				ENABLE_STRICT_OBJC_MSGSEND = YES;
				GCC_C_LANGUAGE_STANDARD = gnu99;
				GCC_NO_COMMON_BLOCKS = YES;
				GCC_WARN_64_TO_32_BIT_CONVERSION = YES;
				GCC_WARN_ABOUT_RETURN_TYPE = YES_ERROR;
				GCC_WARN_UNDECLARED_SELECTOR = YES;
				GCC_WARN_UNINITIALIZED_AUTOS = YES_AGGRESSIVE;
				GCC_WARN_UNUSED_FUNCTION = YES;
				GCC_WARN_UNUSED_VARIABLE = YES;
				IPHONEOS_DEPLOYMENT_TARGET = 9.0;
				MTL_ENABLE_DEBUG_INFO = NO;
				SDKROOT = iphoneos;
				SWIFT_OPTIMIZATION_LEVEL = "-Owholemodule";
				TARGETED_DEVICE_FAMILY = "1,2";
				VALIDATE_PRODUCT = YES;
				VERSIONING_SYSTEM = "apple-generic";
				VERSION_INFO_PREFIX = "";
			};
			name = Release;
		};
		B05D4EEA1F1E0A8300929006 /* Debug */ = {
			isa = XCBuildConfiguration;
			buildSettings = {
				CODE_SIGN_IDENTITY = "";
				DEFINES_MODULE = YES;
				DEVELOPMENT_TEAM = 5CE6946X84;
				DYLIB_COMPATIBILITY_VERSION = 1;
				DYLIB_CURRENT_VERSION = 1;
				DYLIB_INSTALL_NAME_BASE = "@rpath";
				FRAMEWORK_SEARCH_PATHS = (
					"$(inherited)",
					"$(PROJECT_DIR)/Carthage/Build/iOS",
				);
				INFOPLIST_FILE = Sources/Info.plist;
				INSTALL_PATH = "$(LOCAL_LIBRARY_DIR)/Frameworks";
				LD_RUNPATH_SEARCH_PATHS = "$(inherited) @executable_path/Frameworks @loader_path/Frameworks";
				PRODUCT_BUNDLE_IDENTIFIER = com.tinyworld.TinyKit;
				PRODUCT_NAME = "$(TARGET_NAME)";
				SKIP_INSTALL = YES;
				SWIFT_SWIFT3_OBJC_INFERENCE = Default;
				SWIFT_VERSION = 4.0;
			};
			name = Debug;
		};
		B05D4EEB1F1E0A8300929006 /* Release */ = {
			isa = XCBuildConfiguration;
			buildSettings = {
				CODE_SIGN_IDENTITY = "";
				DEFINES_MODULE = YES;
				DEVELOPMENT_TEAM = 5CE6946X84;
				DYLIB_COMPATIBILITY_VERSION = 1;
				DYLIB_CURRENT_VERSION = 1;
				DYLIB_INSTALL_NAME_BASE = "@rpath";
				FRAMEWORK_SEARCH_PATHS = (
					"$(inherited)",
					"$(PROJECT_DIR)/Carthage/Build/iOS",
				);
				INFOPLIST_FILE = Sources/Info.plist;
				INSTALL_PATH = "$(LOCAL_LIBRARY_DIR)/Frameworks";
				LD_RUNPATH_SEARCH_PATHS = "$(inherited) @executable_path/Frameworks @loader_path/Frameworks";
				PRODUCT_BUNDLE_IDENTIFIER = com.tinyworld.TinyKit;
				PRODUCT_NAME = "$(TARGET_NAME)";
				SKIP_INSTALL = YES;
				SWIFT_SWIFT3_OBJC_INFERENCE = Default;
				SWIFT_VERSION = 4.0;
			};
			name = Release;
		};
		B05D4EED1F1E0A8300929006 /* Debug */ = {
			isa = XCBuildConfiguration;
			buildSettings = {
				ALWAYS_EMBED_SWIFT_STANDARD_LIBRARIES = YES;
				DEVELOPMENT_TEAM = 5CE6946X84;
				FRAMEWORK_SEARCH_PATHS = (
					"$(inherited)",
					"$(PROJECT_DIR)/Carthage/Build/iOS",
				);
				INFOPLIST_FILE = Tests/Info.plist;
				LD_RUNPATH_SEARCH_PATHS = "$(inherited) @executable_path/Frameworks @loader_path/Frameworks";
				PRODUCT_BUNDLE_IDENTIFIER = com.tinyworld.TinyKitTests;
				PRODUCT_NAME = "$(TARGET_NAME)";
				SWIFT_SWIFT3_OBJC_INFERENCE = Default;
				SWIFT_VERSION = 4.0;
			};
			name = Debug;
		};
		B05D4EEE1F1E0A8300929006 /* Release */ = {
			isa = XCBuildConfiguration;
			buildSettings = {
				ALWAYS_EMBED_SWIFT_STANDARD_LIBRARIES = YES;
				DEVELOPMENT_TEAM = 5CE6946X84;
				FRAMEWORK_SEARCH_PATHS = (
					"$(inherited)",
					"$(PROJECT_DIR)/Carthage/Build/iOS",
				);
				INFOPLIST_FILE = Tests/Info.plist;
				LD_RUNPATH_SEARCH_PATHS = "$(inherited) @executable_path/Frameworks @loader_path/Frameworks";
				PRODUCT_BUNDLE_IDENTIFIER = com.tinyworld.TinyKitTests;
				PRODUCT_NAME = "$(TARGET_NAME)";
				SWIFT_SWIFT3_OBJC_INFERENCE = Default;
				SWIFT_VERSION = 4.0;
			};
			name = Release;
		};
/* End XCBuildConfiguration section */

/* Begin XCConfigurationList section */
		B05D4ECF1F1E0A8300929006 /* Build configuration list for PBXProject "TinyKit" */ = {
			isa = XCConfigurationList;
			buildConfigurations = (
				B05D4EE71F1E0A8300929006 /* Debug */,
				B05D4EE81F1E0A8300929006 /* Release */,
			);
			defaultConfigurationIsVisible = 0;
			defaultConfigurationName = Release;
		};
		B05D4EE91F1E0A8300929006 /* Build configuration list for PBXNativeTarget "TinyKit" */ = {
			isa = XCConfigurationList;
			buildConfigurations = (
				B05D4EEA1F1E0A8300929006 /* Debug */,
				B05D4EEB1F1E0A8300929006 /* Release */,
			);
			defaultConfigurationIsVisible = 0;
			defaultConfigurationName = Release;
		};
		B05D4EEC1F1E0A8300929006 /* Build configuration list for PBXNativeTarget "TinyKitTests" */ = {
			isa = XCConfigurationList;
			buildConfigurations = (
				B05D4EED1F1E0A8300929006 /* Debug */,
				B05D4EEE1F1E0A8300929006 /* Release */,
			);
			defaultConfigurationIsVisible = 0;
			defaultConfigurationName = Release;
		};
/* End XCConfigurationList section */
	};
	rootObject = B05D4ECC1F1E0A8300929006 /* Project object */;
}
